// !$*UTF8*$!
{
	archiveVersion = 1;
	classes = {
	};
	objectVersion = 56;
	objects = {

/* Begin PBXBuildFile section */
		3B15C596296FB673004AE007 /* Alamofire in Frameworks */ = {isa = PBXBuildFile; productRef = 3B15C595296FB673004AE007 /* Alamofire */; };
		3B1DB8782963428A00308F43 /* AppDelegate.swift in Sources */ = {isa = PBXBuildFile; fileRef = 3B1DB8772963428A00308F43 /* AppDelegate.swift */; };
		3B1DB87A2963428A00308F43 /* SceneDelegate.swift in Sources */ = {isa = PBXBuildFile; fileRef = 3B1DB8792963428A00308F43 /* SceneDelegate.swift */; };
		3B1DB87C2963428A00308F43 /* ViewController.swift in Sources */ = {isa = PBXBuildFile; fileRef = 3B1DB87B2963428A00308F43 /* ViewController.swift */; };
		3B1DB8812963428B00308F43 /* Assets.xcassets in Resources */ = {isa = PBXBuildFile; fileRef = 3B1DB8802963428B00308F43 /* Assets.xcassets */; };
		3B1DB8842963428B00308F43 /* LaunchScreen.storyboard in Resources */ = {isa = PBXBuildFile; fileRef = 3B1DB8822963428B00308F43 /* LaunchScreen.storyboard */; };
		3BA0EEE62979A16700B9E952 /* Charts in Frameworks */ = {isa = PBXBuildFile; productRef = 3BA0EEE52979A16700B9E952 /* Charts */; };
		3BE3F7D2297060DC0005B640 /* iosTests.swift in Sources */ = {isa = PBXBuildFile; fileRef = 3BE3F7D1297060DC0005B640 /* iosTests.swift */; };
		3BE3F7DF297064340005B640 /* iosUITests.swift in Sources */ = {isa = PBXBuildFile; fileRef = 3BE3F7DE297064340005B640 /* iosUITests.swift */; };
		3BE3F7E1297064340005B640 /* iosUITestsLaunchTests.swift in Sources */ = {isa = PBXBuildFile; fileRef = 3BE3F7E0297064340005B640 /* iosUITestsLaunchTests.swift */; };
		A3AEEB602975286C00004722 /* RxCocoa in Frameworks */ = {isa = PBXBuildFile; productRef = A3AEEB5F2975286C00004722 /* RxCocoa */; };
		A3AEEB622975286C00004722 /* RxSwift in Frameworks */ = {isa = PBXBuildFile; productRef = A3AEEB612975286C00004722 /* RxSwift */; };
		A3AEEB652975311400004722 /* SnapKit in Frameworks */ = {isa = PBXBuildFile; productRef = A3AEEB642975311400004722 /* SnapKit */; };
/* End PBXBuildFile section */

/* Begin PBXContainerItemProxy section */
		3BE3F7D3297060DC0005B640 /* PBXContainerItemProxy */ = {
			isa = PBXContainerItemProxy;
			containerPortal = 3B1DB86C2963428A00308F43 /* Project object */;
			proxyType = 1;
			remoteGlobalIDString = 3B1DB8732963428A00308F43;
			remoteInfo = ios;
		};
		3BE3F7E2297064340005B640 /* PBXContainerItemProxy */ = {
			isa = PBXContainerItemProxy;
			containerPortal = 3B1DB86C2963428A00308F43 /* Project object */;
			proxyType = 1;
			remoteGlobalIDString = 3B1DB8732963428A00308F43;
			remoteInfo = ios;
		};
/* End PBXContainerItemProxy section */

/* Begin PBXFileReference section */
		3B1DB8742963428A00308F43 /* ios.app */ = {isa = PBXFileReference; explicitFileType = wrapper.application; includeInIndex = 0; path = ios.app; sourceTree = BUILT_PRODUCTS_DIR; };
		3B1DB8772963428A00308F43 /* AppDelegate.swift */ = {isa = PBXFileReference; lastKnownFileType = sourcecode.swift; path = AppDelegate.swift; sourceTree = "<group>"; };
		3B1DB8792963428A00308F43 /* SceneDelegate.swift */ = {isa = PBXFileReference; lastKnownFileType = sourcecode.swift; path = SceneDelegate.swift; sourceTree = "<group>"; };
		3B1DB87B2963428A00308F43 /* ViewController.swift */ = {isa = PBXFileReference; lastKnownFileType = sourcecode.swift; path = ViewController.swift; sourceTree = "<group>"; };
		3B1DB8802963428B00308F43 /* Assets.xcassets */ = {isa = PBXFileReference; lastKnownFileType = folder.assetcatalog; path = Assets.xcassets; sourceTree = "<group>"; };
		3B1DB8832963428B00308F43 /* Base */ = {isa = PBXFileReference; lastKnownFileType = file.storyboard; name = Base; path = Base.lproj/LaunchScreen.storyboard; sourceTree = "<group>"; };
		3B1DB8852963428B00308F43 /* Info.plist */ = {isa = PBXFileReference; lastKnownFileType = text.plist.xml; path = Info.plist; sourceTree = "<group>"; };
		3BE3F7CF297060DC0005B640 /* iosTests.xctest */ = {isa = PBXFileReference; explicitFileType = wrapper.cfbundle; includeInIndex = 0; path = iosTests.xctest; sourceTree = BUILT_PRODUCTS_DIR; };
		3BE3F7D1297060DC0005B640 /* iosTests.swift */ = {isa = PBXFileReference; lastKnownFileType = sourcecode.swift; path = iosTests.swift; sourceTree = "<group>"; };
		3BE3F7DC297064340005B640 /* iosUITests.xctest */ = {isa = PBXFileReference; explicitFileType = wrapper.cfbundle; includeInIndex = 0; path = iosUITests.xctest; sourceTree = BUILT_PRODUCTS_DIR; };
		3BE3F7DE297064340005B640 /* iosUITests.swift */ = {isa = PBXFileReference; lastKnownFileType = sourcecode.swift; path = iosUITests.swift; sourceTree = "<group>"; };
		3BE3F7E0297064340005B640 /* iosUITestsLaunchTests.swift */ = {isa = PBXFileReference; lastKnownFileType = sourcecode.swift; path = iosUITestsLaunchTests.swift; sourceTree = "<group>"; };
/* End PBXFileReference section */

/* Begin PBXFrameworksBuildPhase section */
		3B1DB8712963428A00308F43 /* Frameworks */ = {
			isa = PBXFrameworksBuildPhase;
			buildActionMask = 2147483647;
			files = (
				3BA0EEE62979A16700B9E952 /* Charts in Frameworks */,
				A3AEEB622975286C00004722 /* RxSwift in Frameworks */,
				A3AEEB652975311400004722 /* SnapKit in Frameworks */,
				A3AEEB602975286C00004722 /* RxCocoa in Frameworks */,
				3B15C596296FB673004AE007 /* Alamofire in Frameworks */,
			);
			runOnlyForDeploymentPostprocessing = 0;
		};
		3BE3F7CC297060DC0005B640 /* Frameworks */ = {
			isa = PBXFrameworksBuildPhase;
			buildActionMask = 2147483647;
			files = (
			);
			runOnlyForDeploymentPostprocessing = 0;
		};
		3BE3F7D9297064340005B640 /* Frameworks */ = {
			isa = PBXFrameworksBuildPhase;
			buildActionMask = 2147483647;
			files = (
			);
			runOnlyForDeploymentPostprocessing = 0;
		};
/* End PBXFrameworksBuildPhase section */

/* Begin PBXGroup section */
		3B1DB86B2963428A00308F43 = {
			isa = PBXGroup;
			children = (
				3B1DB8762963428A00308F43 /* ios */,
				3BE3F7D0297060DC0005B640 /* iosTests */,
				3BE3F7DD297064340005B640 /* iosUITests */,
				3B1DB8752963428A00308F43 /* Products */,
			);
			sourceTree = "<group>";
		};
		3B1DB8752963428A00308F43 /* Products */ = {
			isa = PBXGroup;
			children = (
				3B1DB8742963428A00308F43 /* ios.app */,
				3BE3F7CF297060DC0005B640 /* iosTests.xctest */,
				3BE3F7DC297064340005B640 /* iosUITests.xctest */,
			);
			name = Products;
			sourceTree = "<group>";
		};
		3B1DB8762963428A00308F43 /* ios */ = {
			isa = PBXGroup;
			children = (
				3BA0EEE0297999FD00B9E952 /* Delegate */,
				3BA0EEE129799A1100B9E952 /* View */,
				3BA0EEE229799A2900B9E952 /* ViewModel */,
				3BA0EEE329799A3000B9E952 /* Model */,
				3B1DB8802963428B00308F43 /* Assets.xcassets */,
				3B1DB8852963428B00308F43 /* Info.plist */,
			);
			path = ios;
			sourceTree = "<group>";
		};
		3BA0EEE0297999FD00B9E952 /* Delegate */ = {
			isa = PBXGroup;
			children = (
				3B1DB8772963428A00308F43 /* AppDelegate.swift */,
				3B1DB8792963428A00308F43 /* SceneDelegate.swift */,
			);
			path = Delegate;
			sourceTree = "<group>";
		};
		3BA0EEE129799A1100B9E952 /* View */ = {
			isa = PBXGroup;
			children = (
				3B1DB8822963428B00308F43 /* LaunchScreen.storyboard */,
				3B1DB87B2963428A00308F43 /* ViewController.swift */,
			);
			path = View;
			sourceTree = "<group>";
		};
		3BA0EEE229799A2900B9E952 /* ViewModel */ = {
			isa = PBXGroup;
			children = (
			);
			path = ViewModel;
			sourceTree = "<group>";
		};
		3BA0EEE329799A3000B9E952 /* Model */ = {
			isa = PBXGroup;
			children = (
			);
			path = Model;
			sourceTree = "<group>";
		};
		3BE3F7D0297060DC0005B640 /* iosTests */ = {
			isa = PBXGroup;
			children = (
				3BE3F7D1297060DC0005B640 /* iosTests.swift */,
			);
			path = iosTests;
			sourceTree = "<group>";
		};
		3BE3F7DD297064340005B640 /* iosUITests */ = {
			isa = PBXGroup;
			children = (
				3BE3F7DE297064340005B640 /* iosUITests.swift */,
				3BE3F7E0297064340005B640 /* iosUITestsLaunchTests.swift */,
			);
			path = iosUITests;
			sourceTree = "<group>";
		};
/* End PBXGroup section */

/* Begin PBXNativeTarget section */
		3B1DB8732963428A00308F43 /* ios */ = {
			isa = PBXNativeTarget;
			buildConfigurationList = 3B1DB8882963428B00308F43 /* Build configuration list for PBXNativeTarget "ios" */;
			buildPhases = (
				3B1DB8702963428A00308F43 /* Sources */,
				3B1DB8712963428A00308F43 /* Frameworks */,
				3B1DB8722963428A00308F43 /* Resources */,
			);
			buildRules = (
			);
			dependencies = (
			);
			name = ios;
			packageProductDependencies = (
				3B15C595296FB673004AE007 /* Alamofire */,
				A3AEEB5F2975286C00004722 /* RxCocoa */,
				A3AEEB612975286C00004722 /* RxSwift */,
				A3AEEB642975311400004722 /* SnapKit */,
				3BA0EEE52979A16700B9E952 /* Charts */,
			);
			productName = ios;
			productReference = 3B1DB8742963428A00308F43 /* ios.app */;
			productType = "com.apple.product-type.application";
		};
		3BE3F7CE297060DC0005B640 /* iosTests */ = {
			isa = PBXNativeTarget;
			buildConfigurationList = 3BE3F7D7297060DC0005B640 /* Build configuration list for PBXNativeTarget "iosTests" */;
			buildPhases = (
				3BE3F7CB297060DC0005B640 /* Sources */,
				3BE3F7CC297060DC0005B640 /* Frameworks */,
				3BE3F7CD297060DC0005B640 /* Resources */,
			);
			buildRules = (
			);
			dependencies = (
				3BE3F7D4297060DC0005B640 /* PBXTargetDependency */,
			);
			name = iosTests;
			productName = iosTests;
			productReference = 3BE3F7CF297060DC0005B640 /* iosTests.xctest */;
			productType = "com.apple.product-type.bundle.unit-test";
		};
		3BE3F7DB297064340005B640 /* iosUITests */ = {
			isa = PBXNativeTarget;
			buildConfigurationList = 3BE3F7E4297064340005B640 /* Build configuration list for PBXNativeTarget "iosUITests" */;
			buildPhases = (
				3BE3F7D8297064340005B640 /* Sources */,
				3BE3F7D9297064340005B640 /* Frameworks */,
				3BE3F7DA297064340005B640 /* Resources */,
			);
			buildRules = (
			);
			dependencies = (
				3BE3F7E3297064340005B640 /* PBXTargetDependency */,
			);
			name = iosUITests;
			productName = iosUITests;
			productReference = 3BE3F7DC297064340005B640 /* iosUITests.xctest */;
			productType = "com.apple.product-type.bundle.ui-testing";
		};
/* End PBXNativeTarget section */

/* Begin PBXProject section */
		3B1DB86C2963428A00308F43 /* Project object */ = {
			isa = PBXProject;
			attributes = {
				BuildIndependentTargetsInParallel = 1;
				LastSwiftUpdateCheck = 1420;
				LastUpgradeCheck = 1420;
				TargetAttributes = {
					3B1DB8732963428A00308F43 = {
						CreatedOnToolsVersion = 14.2;
					};
					3BE3F7CE297060DC0005B640 = {
						CreatedOnToolsVersion = 14.2;
						TestTargetID = 3B1DB8732963428A00308F43;
					};
					3BE3F7DB297064340005B640 = {
						CreatedOnToolsVersion = 14.2;
						TestTargetID = 3B1DB8732963428A00308F43;
					};
				};
			};
			buildConfigurationList = 3B1DB86F2963428A00308F43 /* Build configuration list for PBXProject "ios" */;
			compatibilityVersion = "Xcode 14.0";
			developmentRegion = en;
			hasScannedForEncodings = 0;
			knownRegions = (
				en,
				Base,
			);
			mainGroup = 3B1DB86B2963428A00308F43;
			packageReferences = (
				3B15C594296FB673004AE007 /* XCRemoteSwiftPackageReference "Alamofire" */,
				A3AEEB5E2975286C00004722 /* XCRemoteSwiftPackageReference "RxSwift" */,
				A3AEEB632975311400004722 /* XCRemoteSwiftPackageReference "SnapKit" */,
				3BA0EEE42979A16700B9E952 /* XCRemoteSwiftPackageReference "Charts" */,
			);
			productRefGroup = 3B1DB8752963428A00308F43 /* Products */;
			projectDirPath = "";
			projectRoot = "";
			targets = (
				3B1DB8732963428A00308F43 /* ios */,
				3BE3F7CE297060DC0005B640 /* iosTests */,
				3BE3F7DB297064340005B640 /* iosUITests */,
			);
		};
/* End PBXProject section */

/* Begin PBXResourcesBuildPhase section */
		3B1DB8722963428A00308F43 /* Resources */ = {
			isa = PBXResourcesBuildPhase;
			buildActionMask = 2147483647;
			files = (
				3B1DB8842963428B00308F43 /* LaunchScreen.storyboard in Resources */,
				3B1DB8812963428B00308F43 /* Assets.xcassets in Resources */,
			);
			runOnlyForDeploymentPostprocessing = 0;
		};
		3BE3F7CD297060DC0005B640 /* Resources */ = {
			isa = PBXResourcesBuildPhase;
			buildActionMask = 2147483647;
			files = (
			);
			runOnlyForDeploymentPostprocessing = 0;
		};
		3BE3F7DA297064340005B640 /* Resources */ = {
			isa = PBXResourcesBuildPhase;
			buildActionMask = 2147483647;
			files = (
			);
			runOnlyForDeploymentPostprocessing = 0;
		};
/* End PBXResourcesBuildPhase section */

/* Begin PBXSourcesBuildPhase section */
		3B1DB8702963428A00308F43 /* Sources */ = {
			isa = PBXSourcesBuildPhase;
			buildActionMask = 2147483647;
			files = (
				3B1DB87C2963428A00308F43 /* ViewController.swift in Sources */,
				3B1DB8782963428A00308F43 /* AppDelegate.swift in Sources */,
				3B1DB87A2963428A00308F43 /* SceneDelegate.swift in Sources */,
			);
			runOnlyForDeploymentPostprocessing = 0;
		};
		3BE3F7CB297060DC0005B640 /* Sources */ = {
			isa = PBXSourcesBuildPhase;
			buildActionMask = 2147483647;
			files = (
				3BE3F7D2297060DC0005B640 /* iosTests.swift in Sources */,
			);
			runOnlyForDeploymentPostprocessing = 0;
		};
		3BE3F7D8297064340005B640 /* Sources */ = {
			isa = PBXSourcesBuildPhase;
			buildActionMask = 2147483647;
			files = (
				3BE3F7E1297064340005B640 /* iosUITestsLaunchTests.swift in Sources */,
				3BE3F7DF297064340005B640 /* iosUITests.swift in Sources */,
			);
			runOnlyForDeploymentPostprocessing = 0;
		};
/* End PBXSourcesBuildPhase section */

/* Begin PBXTargetDependency section */
		3BE3F7D4297060DC0005B640 /* PBXTargetDependency */ = {
			isa = PBXTargetDependency;
			target = 3B1DB8732963428A00308F43 /* ios */;
			targetProxy = 3BE3F7D3297060DC0005B640 /* PBXContainerItemProxy */;
		};
		3BE3F7E3297064340005B640 /* PBXTargetDependency */ = {
			isa = PBXTargetDependency;
			target = 3B1DB8732963428A00308F43 /* ios */;
			targetProxy = 3BE3F7E2297064340005B640 /* PBXContainerItemProxy */;
		};
/* End PBXTargetDependency section */

/* Begin PBXVariantGroup section */
		3B1DB8822963428B00308F43 /* LaunchScreen.storyboard */ = {
			isa = PBXVariantGroup;
			children = (
				3B1DB8832963428B00308F43 /* Base */,
			);
			name = LaunchScreen.storyboard;
			sourceTree = "<group>";
		};
/* End PBXVariantGroup section */

/* Begin XCBuildConfiguration section */
		3B1DB8862963428B00308F43 /* Debug */ = {
			isa = XCBuildConfiguration;
			buildSettings = {
				ALWAYS_SEARCH_USER_PATHS = NO;
				CLANG_ANALYZER_NONNULL = YES;
				CLANG_ANALYZER_NUMBER_OBJECT_CONVERSION = YES_AGGRESSIVE;
				CLANG_CXX_LANGUAGE_STANDARD = "gnu++20";
				CLANG_ENABLE_MODULES = YES;
				CLANG_ENABLE_OBJC_ARC = YES;
				CLANG_ENABLE_OBJC_WEAK = YES;
				CLANG_WARN_BLOCK_CAPTURE_AUTORELEASING = YES;
				CLANG_WARN_BOOL_CONVERSION = YES;
				CLANG_WARN_COMMA = YES;
				CLANG_WARN_CONSTANT_CONVERSION = YES;
				CLANG_WARN_DEPRECATED_OBJC_IMPLEMENTATIONS = YES;
				CLANG_WARN_DIRECT_OBJC_ISA_USAGE = YES_ERROR;
				CLANG_WARN_DOCUMENTATION_COMMENTS = YES;
				CLANG_WARN_EMPTY_BODY = YES;
				CLANG_WARN_ENUM_CONVERSION = YES;
				CLANG_WARN_INFINITE_RECURSION = YES;
				CLANG_WARN_INT_CONVERSION = YES;
				CLANG_WARN_NON_LITERAL_NULL_CONVERSION = YES;
				CLANG_WARN_OBJC_IMPLICIT_RETAIN_SELF = YES;
				CLANG_WARN_OBJC_LITERAL_CONVERSION = YES;
				CLANG_WARN_OBJC_ROOT_CLASS = YES_ERROR;
				CLANG_WARN_QUOTED_INCLUDE_IN_FRAMEWORK_HEADER = YES;
				CLANG_WARN_RANGE_LOOP_ANALYSIS = YES;
				CLANG_WARN_STRICT_PROTOTYPES = YES;
				CLANG_WARN_SUSPICIOUS_MOVE = YES;
				CLANG_WARN_UNGUARDED_AVAILABILITY = YES_AGGRESSIVE;
				CLANG_WARN_UNREACHABLE_CODE = YES;
				CLANG_WARN__DUPLICATE_METHOD_MATCH = YES;
				COPY_PHASE_STRIP = NO;
				DEBUG_INFORMATION_FORMAT = dwarf;
				ENABLE_STRICT_OBJC_MSGSEND = YES;
				ENABLE_TESTABILITY = YES;
				GCC_C_LANGUAGE_STANDARD = gnu11;
				GCC_DYNAMIC_NO_PIC = NO;
				GCC_NO_COMMON_BLOCKS = YES;
				GCC_OPTIMIZATION_LEVEL = 0;
				GCC_PREPROCESSOR_DEFINITIONS = (
					"DEBUG=1",
					"$(inherited)",
				);
				GCC_WARN_64_TO_32_BIT_CONVERSION = YES;
				GCC_WARN_ABOUT_RETURN_TYPE = YES_ERROR;
				GCC_WARN_UNDECLARED_SELECTOR = YES;
				GCC_WARN_UNINITIALIZED_AUTOS = YES_AGGRESSIVE;
				GCC_WARN_UNUSED_FUNCTION = YES;
				GCC_WARN_UNUSED_VARIABLE = YES;
				IPHONEOS_DEPLOYMENT_TARGET = 16.2;
				MTL_ENABLE_DEBUG_INFO = INCLUDE_SOURCE;
				MTL_FAST_MATH = YES;
				ONLY_ACTIVE_ARCH = YES;
				SDKROOT = iphoneos;
				SWIFT_ACTIVE_COMPILATION_CONDITIONS = DEBUG;
				SWIFT_OPTIMIZATION_LEVEL = "-Onone";
			};
			name = Debug;
		};
		3B1DB8872963428B00308F43 /* Release */ = {
			isa = XCBuildConfiguration;
			buildSettings = {
				ALWAYS_SEARCH_USER_PATHS = NO;
				CLANG_ANALYZER_NONNULL = YES;
				CLANG_ANALYZER_NUMBER_OBJECT_CONVERSION = YES_AGGRESSIVE;
				CLANG_CXX_LANGUAGE_STANDARD = "gnu++20";
				CLANG_ENABLE_MODULES = YES;
				CLANG_ENABLE_OBJC_ARC = YES;
				CLANG_ENABLE_OBJC_WEAK = YES;
				CLANG_WARN_BLOCK_CAPTURE_AUTORELEASING = YES;
				CLANG_WARN_BOOL_CONVERSION = YES;
				CLANG_WARN_COMMA = YES;
				CLANG_WARN_CONSTANT_CONVERSION = YES;
				CLANG_WARN_DEPRECATED_OBJC_IMPLEMENTATIONS = YES;
				CLANG_WARN_DIRECT_OBJC_ISA_USAGE = YES_ERROR;
				CLANG_WARN_DOCUMENTATION_COMMENTS = YES;
				CLANG_WARN_EMPTY_BODY = YES;
				CLANG_WARN_ENUM_CONVERSION = YES;
				CLANG_WARN_INFINITE_RECURSION = YES;
				CLANG_WARN_INT_CONVERSION = YES;
				CLANG_WARN_NON_LITERAL_NULL_CONVERSION = YES;
				CLANG_WARN_OBJC_IMPLICIT_RETAIN_SELF = YES;
				CLANG_WARN_OBJC_LITERAL_CONVERSION = YES;
				CLANG_WARN_OBJC_ROOT_CLASS = YES_ERROR;
				CLANG_WARN_QUOTED_INCLUDE_IN_FRAMEWORK_HEADER = YES;
				CLANG_WARN_RANGE_LOOP_ANALYSIS = YES;
				CLANG_WARN_STRICT_PROTOTYPES = YES;
				CLANG_WARN_SUSPICIOUS_MOVE = YES;
				CLANG_WARN_UNGUARDED_AVAILABILITY = YES_AGGRESSIVE;
				CLANG_WARN_UNREACHABLE_CODE = YES;
				CLANG_WARN__DUPLICATE_METHOD_MATCH = YES;
				COPY_PHASE_STRIP = NO;
				DEBUG_INFORMATION_FORMAT = "dwarf-with-dsym";
				ENABLE_NS_ASSERTIONS = NO;
				ENABLE_STRICT_OBJC_MSGSEND = YES;
				GCC_C_LANGUAGE_STANDARD = gnu11;
				GCC_NO_COMMON_BLOCKS = YES;
				GCC_WARN_64_TO_32_BIT_CONVERSION = YES;
				GCC_WARN_ABOUT_RETURN_TYPE = YES_ERROR;
				GCC_WARN_UNDECLARED_SELECTOR = YES;
				GCC_WARN_UNINITIALIZED_AUTOS = YES_AGGRESSIVE;
				GCC_WARN_UNUSED_FUNCTION = YES;
				GCC_WARN_UNUSED_VARIABLE = YES;
				IPHONEOS_DEPLOYMENT_TARGET = 16.2;
				MTL_ENABLE_DEBUG_INFO = NO;
				MTL_FAST_MATH = YES;
				SDKROOT = iphoneos;
				SWIFT_COMPILATION_MODE = wholemodule;
				SWIFT_OPTIMIZATION_LEVEL = "-O";
				VALIDATE_PRODUCT = YES;
			};
			name = Release;
		};
		3B1DB8892963428B00308F43 /* Debug */ = {
			isa = XCBuildConfiguration;
			buildSettings = {
				ASSETCATALOG_COMPILER_APPICON_NAME = AppIcon;
				ASSETCATALOG_COMPILER_GLOBAL_ACCENT_COLOR_NAME = AccentColor;
				CODE_SIGN_STYLE = Automatic;
				CURRENT_PROJECT_VERSION = 1;
				DEVELOPMENT_TEAM = SN5J3DYFX4;
				GENERATE_INFOPLIST_FILE = YES;
				INFOPLIST_FILE = ios/Info.plist;
				INFOPLIST_KEY_UIApplicationSupportsIndirectInputEvents = YES;
				INFOPLIST_KEY_UILaunchStoryboardName = LaunchScreen;
				INFOPLIST_KEY_UISupportedInterfaceOrientations_iPad = "UIInterfaceOrientationPortrait UIInterfaceOrientationPortraitUpsideDown UIInterfaceOrientationLandscapeLeft UIInterfaceOrientationLandscapeRight";
				INFOPLIST_KEY_UISupportedInterfaceOrientations_iPhone = "UIInterfaceOrientationPortrait UIInterfaceOrientationLandscapeLeft UIInterfaceOrientationLandscapeRight";
				IPHONEOS_DEPLOYMENT_TARGET = 14.0;
				LD_RUNPATH_SEARCH_PATHS = (
					"$(inherited)",
					"@executable_path/Frameworks",
				);
				MARKETING_VERSION = 1.0;
				PRODUCT_BUNDLE_IDENTIFIER = "DragonGuard-JinJin.ios";
				PRODUCT_NAME = "$(TARGET_NAME)";
				SWIFT_EMIT_LOC_STRINGS = YES;
				SWIFT_VERSION = 5.0;
				TARGETED_DEVICE_FAMILY = "1,2";
			};
			name = Debug;
		};
		3B1DB88A2963428B00308F43 /* Release */ = {
			isa = XCBuildConfiguration;
			buildSettings = {
				ASSETCATALOG_COMPILER_APPICON_NAME = AppIcon;
				ASSETCATALOG_COMPILER_GLOBAL_ACCENT_COLOR_NAME = AccentColor;
				CODE_SIGN_STYLE = Automatic;
				CURRENT_PROJECT_VERSION = 1;
				DEVELOPMENT_TEAM = SN5J3DYFX4;
				GENERATE_INFOPLIST_FILE = YES;
				INFOPLIST_FILE = ios/Info.plist;
				INFOPLIST_KEY_UIApplicationSupportsIndirectInputEvents = YES;
				INFOPLIST_KEY_UILaunchStoryboardName = LaunchScreen;
				INFOPLIST_KEY_UISupportedInterfaceOrientations_iPad = "UIInterfaceOrientationPortrait UIInterfaceOrientationPortraitUpsideDown UIInterfaceOrientationLandscapeLeft UIInterfaceOrientationLandscapeRight";
				INFOPLIST_KEY_UISupportedInterfaceOrientations_iPhone = "UIInterfaceOrientationPortrait UIInterfaceOrientationLandscapeLeft UIInterfaceOrientationLandscapeRight";
				IPHONEOS_DEPLOYMENT_TARGET = 14.0;
				LD_RUNPATH_SEARCH_PATHS = (
					"$(inherited)",
					"@executable_path/Frameworks",
				);
				MARKETING_VERSION = 1.0;
				PRODUCT_BUNDLE_IDENTIFIER = "DragonGuard-JinJin.ios";
				PRODUCT_NAME = "$(TARGET_NAME)";
				SWIFT_EMIT_LOC_STRINGS = YES;
				SWIFT_VERSION = 5.0;
				TARGETED_DEVICE_FAMILY = "1,2";
			};
			name = Release;
		};
		3BE3F7D5297060DC0005B640 /* Debug */ = {
			isa = XCBuildConfiguration;
			buildSettings = {
				BUNDLE_LOADER = "$(TEST_HOST)";
				CODE_SIGN_STYLE = Automatic;
				CURRENT_PROJECT_VERSION = 1;
				DEVELOPMENT_TEAM = SN5J3DYFX4;
				GENERATE_INFOPLIST_FILE = YES;
				IPHONEOS_DEPLOYMENT_TARGET = 16.0;
				MARKETING_VERSION = 1.0;
				PRODUCT_BUNDLE_IDENTIFIER = JJ.iosTests;
				PRODUCT_NAME = "$(TARGET_NAME)";
				SWIFT_EMIT_LOC_STRINGS = NO;
				SWIFT_VERSION = 5.0;
				TARGETED_DEVICE_FAMILY = "1,2";
				TEST_HOST = "$(BUILT_PRODUCTS_DIR)/ios.app/$(BUNDLE_EXECUTABLE_FOLDER_PATH)/ios";
			};
			name = Debug;
		};
		3BE3F7D6297060DC0005B640 /* Release */ = {
			isa = XCBuildConfiguration;
			buildSettings = {
				BUNDLE_LOADER = "$(TEST_HOST)";
				CODE_SIGN_STYLE = Automatic;
				CURRENT_PROJECT_VERSION = 1;
				DEVELOPMENT_TEAM = SN5J3DYFX4;
				GENERATE_INFOPLIST_FILE = YES;
				IPHONEOS_DEPLOYMENT_TARGET = 16.0;
				MARKETING_VERSION = 1.0;
				PRODUCT_BUNDLE_IDENTIFIER = JJ.iosTests;
				PRODUCT_NAME = "$(TARGET_NAME)";
				SWIFT_EMIT_LOC_STRINGS = NO;
				SWIFT_VERSION = 5.0;
				TARGETED_DEVICE_FAMILY = "1,2";
				TEST_HOST = "$(BUILT_PRODUCTS_DIR)/ios.app/$(BUNDLE_EXECUTABLE_FOLDER_PATH)/ios";
			};
			name = Release;
		};
		3BE3F7E5297064340005B640 /* Debug */ = {
			isa = XCBuildConfiguration;
			buildSettings = {
				CODE_SIGN_STYLE = Automatic;
				CURRENT_PROJECT_VERSION = 1;
				DEVELOPMENT_TEAM = SN5J3DYFX4;
				GENERATE_INFOPLIST_FILE = YES;
				MARKETING_VERSION = 1.0;
				PRODUCT_BUNDLE_IDENTIFIER = JJ.iosUITests;
				PRODUCT_NAME = "$(TARGET_NAME)";
				SWIFT_EMIT_LOC_STRINGS = NO;
				SWIFT_VERSION = 5.0;
				TARGETED_DEVICE_FAMILY = "1,2";
				TEST_TARGET_NAME = ios;
			};
			name = Debug;
		};
		3BE3F7E6297064340005B640 /* Release */ = {
			isa = XCBuildConfiguration;
			buildSettings = {
				CODE_SIGN_STYLE = Automatic;
				CURRENT_PROJECT_VERSION = 1;
				DEVELOPMENT_TEAM = SN5J3DYFX4;
				GENERATE_INFOPLIST_FILE = YES;
				MARKETING_VERSION = 1.0;
				PRODUCT_BUNDLE_IDENTIFIER = JJ.iosUITests;
				PRODUCT_NAME = "$(TARGET_NAME)";
				SWIFT_EMIT_LOC_STRINGS = NO;
				SWIFT_VERSION = 5.0;
				TARGETED_DEVICE_FAMILY = "1,2";
				TEST_TARGET_NAME = ios;
			};
			name = Release;
		};
/* End XCBuildConfiguration section */

/* Begin XCConfigurationList section */
		3B1DB86F2963428A00308F43 /* Build configuration list for PBXProject "ios" */ = {
			isa = XCConfigurationList;
			buildConfigurations = (
				3B1DB8862963428B00308F43 /* Debug */,
				3B1DB8872963428B00308F43 /* Release */,
			);
			defaultConfigurationIsVisible = 0;
			defaultConfigurationName = Release;
		};
		3B1DB8882963428B00308F43 /* Build configuration list for PBXNativeTarget "ios" */ = {
			isa = XCConfigurationList;
			buildConfigurations = (
				3B1DB8892963428B00308F43 /* Debug */,
				3B1DB88A2963428B00308F43 /* Release */,
			);
			defaultConfigurationIsVisible = 0;
			defaultConfigurationName = Release;
		};
		3BE3F7D7297060DC0005B640 /* Build configuration list for PBXNativeTarget "iosTests" */ = {
			isa = XCConfigurationList;
			buildConfigurations = (
				3BE3F7D5297060DC0005B640 /* Debug */,
				3BE3F7D6297060DC0005B640 /* Release */,
			);
			defaultConfigurationIsVisible = 0;
			defaultConfigurationName = Release;
		};
		3BE3F7E4297064340005B640 /* Build configuration list for PBXNativeTarget "iosUITests" */ = {
			isa = XCConfigurationList;
			buildConfigurations = (
				3BE3F7E5297064340005B640 /* Debug */,
				3BE3F7E6297064340005B640 /* Release */,
			);
			defaultConfigurationIsVisible = 0;
			defaultConfigurationName = Release;
		};
/* End XCConfigurationList section */

/* Begin XCRemoteSwiftPackageReference section */
		3B15C594296FB673004AE007 /* XCRemoteSwiftPackageReference "Alamofire" */ = {
			isa = XCRemoteSwiftPackageReference;
			repositoryURL = "https://github.com/Alamofire/Alamofire.git";
			requirement = {
				kind = upToNextMajorVersion;
				minimumVersion = 5.0.0;
			};
		};
		3BA0EEE42979A16700B9E952 /* XCRemoteSwiftPackageReference "Charts" */ = {
			isa = XCRemoteSwiftPackageReference;
			repositoryURL = "https://github.com/danielgindi/Charts.git";
			requirement = {
				kind = upToNextMajorVersion;
				minimumVersion = 4.1.0;
			};
		};
		A3AEEB5E2975286C00004722 /* XCRemoteSwiftPackageReference "RxSwift" */ = {
			isa = XCRemoteSwiftPackageReference;
			repositoryURL = "https://github.com/ReactiveX/RxSwift.git";
			requirement = {
				kind = upToNextMajorVersion;
				minimumVersion = 6.0.0;
			};
		};
		A3AEEB632975311400004722 /* XCRemoteSwiftPackageReference "SnapKit" */ = {
			isa = XCRemoteSwiftPackageReference;
			repositoryURL = "https://github.com/SnapKit/SnapKit.git";
			requirement = {
				kind = upToNextMajorVersion;
				minimumVersion = 5.0.0;
			};
		};
/* End XCRemoteSwiftPackageReference section */

/* Begin XCSwiftPackageProductDependency section */
		3B15C595296FB673004AE007 /* Alamofire */ = {
			isa = XCSwiftPackageProductDependency;
			package = 3B15C594296FB673004AE007 /* XCRemoteSwiftPackageReference "Alamofire" */;
			productName = Alamofire;
		};
		3BA0EEE52979A16700B9E952 /* Charts */ = {
			isa = XCSwiftPackageProductDependency;
			package = 3BA0EEE42979A16700B9E952 /* XCRemoteSwiftPackageReference "Charts" */;
			productName = Charts;
		};
		A3AEEB5F2975286C00004722 /* RxCocoa */ = {
			isa = XCSwiftPackageProductDependency;
			package = A3AEEB5E2975286C00004722 /* XCRemoteSwiftPackageReference "RxSwift" */;
			productName = RxCocoa;
		};
		A3AEEB612975286C00004722 /* RxSwift */ = {
			isa = XCSwiftPackageProductDependency;
			package = A3AEEB5E2975286C00004722 /* XCRemoteSwiftPackageReference "RxSwift" */;
			productName = RxSwift;
		};
		A3AEEB642975311400004722 /* SnapKit */ = {
			isa = XCSwiftPackageProductDependency;
			package = A3AEEB632975311400004722 /* XCRemoteSwiftPackageReference "SnapKit" */;
			productName = SnapKit;
		};
/* End XCSwiftPackageProductDependency section */
	};
	rootObject = 3B1DB86C2963428A00308F43 /* Project object */;
}
