// !$*UTF8*$!
{
	archiveVersion = 1;
	classes = {
	};
	objectVersion = 56;
	objects = {

/* Begin PBXBuildFile section */
		3B00229D2987998B003FA5CC /* SettingController.swift in Sources */ = {isa = PBXBuildFile; fileRef = 3B00229C2987998B003FA5CC /* SettingController.swift */; };
		3B00229F29879F7D003FA5CC /* SettingTableView.swift in Sources */ = {isa = PBXBuildFile; fileRef = 3B00229E29879F7D003FA5CC /* SettingTableView.swift */; };
		3B0022A32987A9B0003FA5CC /* TierTypes.swift in Sources */ = {isa = PBXBuildFile; fileRef = 3B0022A22987A9B0003FA5CC /* TierTypes.swift */; };
		3B0022A52987ABA1003FA5CC /* FAQPage.swift in Sources */ = {isa = PBXBuildFile; fileRef = 3B0022A42987ABA1003FA5CC /* FAQPage.swift */; };
		3B0022A72987AFB1003FA5CC /* WatchRankingController.swift in Sources */ = {isa = PBXBuildFile; fileRef = 3B0022A62987AFB1003FA5CC /* WatchRankingController.swift */; };
		3B060FD629911158000B2518 /* MainViewModel.swift in Sources */ = {isa = PBXBuildFile; fileRef = 3B060FD529911158000B2518 /* MainViewModel.swift */; };
		3B15C596296FB673004AE007 /* Alamofire in Frameworks */ = {isa = PBXBuildFile; productRef = 3B15C595296FB673004AE007 /* Alamofire */; };
		3B18AA1E29A7B1E90051C086 /* KlipModel.swift in Sources */ = {isa = PBXBuildFile; fileRef = 3B18AA1D29A7B1E90051C086 /* KlipModel.swift */; };
		3B1DB8782963428A00308F43 /* AppDelegate.swift in Sources */ = {isa = PBXBuildFile; fileRef = 3B1DB8772963428A00308F43 /* AppDelegate.swift */; };
		3B1DB87A2963428A00308F43 /* SceneDelegate.swift in Sources */ = {isa = PBXBuildFile; fileRef = 3B1DB8792963428A00308F43 /* SceneDelegate.swift */; };
		3B1DB87C2963428A00308F43 /* MainController.swift in Sources */ = {isa = PBXBuildFile; fileRef = 3B1DB87B2963428A00308F43 /* MainController.swift */; };
		3B1DB8812963428B00308F43 /* Assets.xcassets in Resources */ = {isa = PBXBuildFile; fileRef = 3B1DB8802963428B00308F43 /* Assets.xcassets */; };
		3B1DB8842963428B00308F43 /* LaunchScreen.storyboard in Resources */ = {isa = PBXBuildFile; fileRef = 3B1DB8822963428B00308F43 /* LaunchScreen.storyboard */; };
		3B58A18F29A6164D006A1817 /* LoginController.swift in Sources */ = {isa = PBXBuildFile; fileRef = 3B58A18E29A6164D006A1817 /* LoginController.swift */; };
		3B7B1D2E298404AE0038BD67 /* RxCocoa in Frameworks */ = {isa = PBXBuildFile; productRef = 3B7B1D2D298404AE0038BD67 /* RxCocoa */; settings = {ATTRIBUTES = (Required, ); }; };
		3B7B1D30298404B20038BD67 /* RxSwift in Frameworks */ = {isa = PBXBuildFile; productRef = 3B7B1D2F298404B20038BD67 /* RxSwift */; };
		3B7B1D32298404B60038BD67 /* Alamofire in Frameworks */ = {isa = PBXBuildFile; productRef = 3B7B1D31298404B60038BD67 /* Alamofire */; };
		3B7B1D34298404B90038BD67 /* SnapKit in Frameworks */ = {isa = PBXBuildFile; productRef = 3B7B1D33298404B90038BD67 /* SnapKit */; };
		3B7B1D36298404BD0038BD67 /* Charts in Frameworks */ = {isa = PBXBuildFile; productRef = 3B7B1D35298404BD0038BD67 /* Charts */; };
		3B7B1D38298404C70038BD67 /* RxTest in Frameworks */ = {isa = PBXBuildFile; productRef = 3B7B1D37298404C70038BD67 /* RxTest */; };
		3B80B6DB298956F3007FF716 /* IBMPlexSansKR-SemiBold.otf in Resources */ = {isa = PBXBuildFile; fileRef = 3B80B6DA298956F3007FF716 /* IBMPlexSansKR-SemiBold.otf */; };
		3B80B6DC298956F3007FF716 /* IBMPlexSansKR-SemiBold.otf in Resources */ = {isa = PBXBuildFile; fileRef = 3B80B6DA298956F3007FF716 /* IBMPlexSansKR-SemiBold.otf */; };
		3B8880202992881200680F1A /* RepoContributorInfoController.swift in Sources */ = {isa = PBXBuildFile; fileRef = 3B88801F2992881200680F1A /* RepoContributorInfoController.swift */; };
		3B9756E4298A15BB00F27094 /* MyRepositoryRankingController.swift in Sources */ = {isa = PBXBuildFile; fileRef = 3B9756E3298A15BB00F27094 /* MyRepositoryRankingController.swift */; };
		3B9756E6298A162200F27094 /* MyOrganizationListController.swift in Sources */ = {isa = PBXBuildFile; fileRef = 3B9756E5298A162200F27094 /* MyOrganizationListController.swift */; };
		3B9756E8298A166300F27094 /* UnivInRankingController.swift in Sources */ = {isa = PBXBuildFile; fileRef = 3B9756E7298A166300F27094 /* UnivInRankingController.swift */; };
		3B9756EB298A16D900F27094 /* AllRankingController.swift in Sources */ = {isa = PBXBuildFile; fileRef = 3B9756EA298A16D900F27094 /* AllRankingController.swift */; };
		3B9756ED298A16FF00F27094 /* AllRepositoryRankingController.swift in Sources */ = {isa = PBXBuildFile; fileRef = 3B9756EC298A16FF00F27094 /* AllRepositoryRankingController.swift */; };
		3B9756EF298A171300F27094 /* AllUnivRankingController.swift in Sources */ = {isa = PBXBuildFile; fileRef = 3B9756EE298A171300F27094 /* AllUnivRankingController.swift */; };
		3B9756F1298A32C700F27094 /* WatchRankingTableView.swift in Sources */ = {isa = PBXBuildFile; fileRef = 3B9756F0298A32C700F27094 /* WatchRankingTableView.swift */; };
		3B9756F4298A639000F27094 /* WatchRankingModel.swift in Sources */ = {isa = PBXBuildFile; fileRef = 3B9756F3298A639000F27094 /* WatchRankingModel.swift */; };
		3B9756F6298A63F600F27094 /* SearchPageModel.swift in Sources */ = {isa = PBXBuildFile; fileRef = 3B9756F5298A63F600F27094 /* SearchPageModel.swift */; };
		3B9756F9298A775900F27094 /* APIURL.swift in Sources */ = {isa = PBXBuildFile; fileRef = 3B9756F8298A775900F27094 /* APIURL.swift */; };
		3B9CF3D2298F997B00495D35 /* UserInfoModel.swift in Sources */ = {isa = PBXBuildFile; fileRef = 3B9CF3D1298F997B00495D35 /* UserInfoModel.swift */; };
		3B9CF3D4298F9B8C00495D35 /* UserInfoService.swift in Sources */ = {isa = PBXBuildFile; fileRef = 3B9CF3D3298F9B8C00495D35 /* UserInfoService.swift */; };
		3B9CF3D6298FB5A700495D35 /* UserInfoViewModel.swift in Sources */ = {isa = PBXBuildFile; fileRef = 3B9CF3D5298FB5A700495D35 /* UserInfoViewModel.swift */; };
		3BA0EEE62979A16700B9E952 /* Charts in Frameworks */ = {isa = PBXBuildFile; productRef = 3BA0EEE52979A16700B9E952 /* Charts */; };
		3BA20137299805AE008978A5 /* MainModel.swift in Sources */ = {isa = PBXBuildFile; fileRef = 3BA20136299805AE008978A5 /* MainModel.swift */; };
		3BA2013929980661008978A5 /* MainService.swift in Sources */ = {isa = PBXBuildFile; fileRef = 3BA2013829980661008978A5 /* MainService.swift */; };
		3BAEA777299CFD090054DC5D /* PostService.swift in Sources */ = {isa = PBXBuildFile; fileRef = 3BAEA776299CFD090054DC5D /* PostService.swift */; };
		3BD6DD22298129B8008C05B2 /* SearchPageController.swift in Sources */ = {isa = PBXBuildFile; fileRef = 3BD6DD21298129B8008C05B2 /* SearchPageController.swift */; };
		3BD6DD2429813CE3008C05B2 /* SearchPageTableView.swift in Sources */ = {isa = PBXBuildFile; fileRef = 3BD6DD2329813CE3008C05B2 /* SearchPageTableView.swift */; };
		3BDF0FA529A619F900816837 /* LoginViewModel.swift in Sources */ = {isa = PBXBuildFile; fileRef = 3BDF0FA429A619F900816837 /* LoginViewModel.swift */; };
		3BDF0FA729A61A4E00816837 /* LoginService.swift in Sources */ = {isa = PBXBuildFile; fileRef = 3BDF0FA629A61A4E00816837 /* LoginService.swift */; };
		3BE3F7D2297060DC0005B640 /* iosTests.swift in Sources */ = {isa = PBXBuildFile; fileRef = 3BE3F7D1297060DC0005B640 /* iosTests.swift */; };
		3BE3F7DF297064340005B640 /* iosUITests.swift in Sources */ = {isa = PBXBuildFile; fileRef = 3BE3F7DE297064340005B640 /* iosUITests.swift */; };
		3BE3F7E1297064340005B640 /* iosUITestsLaunchTests.swift in Sources */ = {isa = PBXBuildFile; fileRef = 3BE3F7E0297064340005B640 /* iosUITestsLaunchTests.swift */; };
		3BE6AD2D2993904D00B22EBD /* RepoContributorTableView.swift in Sources */ = {isa = PBXBuildFile; fileRef = 3BE6AD2C2993904D00B22EBD /* RepoContributorTableView.swift */; };
		3BE6AD2F2993C6D300B22EBD /* RepoContributorInfoService.swift in Sources */ = {isa = PBXBuildFile; fileRef = 3BE6AD2E2993C6D300B22EBD /* RepoContributorInfoService.swift */; };
		3BE6AD312993CF8500B22EBD /* RepoContributorInfoViewModel.swift in Sources */ = {isa = PBXBuildFile; fileRef = 3BE6AD302993CF8500B22EBD /* RepoContributorInfoViewModel.swift */; };
		3BE6AD332993D0D800B22EBD /* RepoContributorInfoModel.swift in Sources */ = {isa = PBXBuildFile; fileRef = 3BE6AD322993D0D800B22EBD /* RepoContributorInfoModel.swift */; };
		3BF2B31329890F1900F20841 /* WatchRankingCollectionView.swift in Sources */ = {isa = PBXBuildFile; fileRef = 3BF2B31229890F1900F20841 /* WatchRankingCollectionView.swift */; };
		3BF2B31629892D7200F20841 /* RxDataSources in Frameworks */ = {isa = PBXBuildFile; productRef = 3BF2B31529892D7200F20841 /* RxDataSources */; };
		3BF2B31829892D8200F20841 /* RxDataSources in Frameworks */ = {isa = PBXBuildFile; productRef = 3BF2B31729892D8200F20841 /* RxDataSources */; };
		A30BA46D298415B8008B594E /* SearchPageViewModel.swift in Sources */ = {isa = PBXBuildFile; fileRef = A30BA46C298415B8008B594E /* SearchPageViewModel.swift */; };
		A30BA47029841C97008B594E /* SearchPageService.swift in Sources */ = {isa = PBXBuildFile; fileRef = A30BA46F29841C97008B594E /* SearchPageService.swift */; };
		A30BA473298946F6008B594E /* SwiftyJSON in Frameworks */ = {isa = PBXBuildFile; productRef = A30BA472298946F6008B594E /* SwiftyJSON */; };
		A3754FA02995653B00A683A9 /* TierTokenCustomUIView.swift in Sources */ = {isa = PBXBuildFile; fileRef = A3754F9F2995653B00A683A9 /* TierTokenCustomUIView.swift */; };
		A37AA6EA299D0BA8002812F6 /* MainRankingCollectionView.swift in Sources */ = {isa = PBXBuildFile; fileRef = A37AA6E9299D0BA8002812F6 /* MainRankingCollectionView.swift */; };
		A37AA6EC29A50F7C002812F6 /* CompareGraphController.swift in Sources */ = {isa = PBXBuildFile; fileRef = A37AA6EB29A50F7C002812F6 /* CompareGraphController.swift */; };
		A37AA6EE29A525C5002812F6 /* TabBarController.swift in Sources */ = {isa = PBXBuildFile; fileRef = A37AA6ED29A525C5002812F6 /* TabBarController.swift */; };
		A37AA6F029A528FD002812F6 /* CompareUserController.swift in Sources */ = {isa = PBXBuildFile; fileRef = A37AA6EF29A528FD002812F6 /* CompareUserController.swift */; };
		A3ADC9742990210E003D6483 /* MainCollectionView.swift in Sources */ = {isa = PBXBuildFile; fileRef = A3ADC9732990210D003D6483 /* MainCollectionView.swift */; };
		A3ADC97F29911B50003D6483 /* CompareRepositorycontroller.swift in Sources */ = {isa = PBXBuildFile; fileRef = A3ADC97E29911B50003D6483 /* CompareRepositorycontroller.swift */; };
		A3AEEB602975286C00004722 /* RxCocoa in Frameworks */ = {isa = PBXBuildFile; productRef = A3AEEB5F2975286C00004722 /* RxCocoa */; };
		A3AEEB622975286C00004722 /* RxSwift in Frameworks */ = {isa = PBXBuildFile; productRef = A3AEEB612975286C00004722 /* RxSwift */; };
		A3AEEB652975311400004722 /* SnapKit in Frameworks */ = {isa = PBXBuildFile; productRef = A3AEEB642975311400004722 /* SnapKit */; };
		A3FA74F0298AB72800348D7D /* SearchPageResultModel.swift in Sources */ = {isa = PBXBuildFile; fileRef = A3FA74EF298AB72800348D7D /* SearchPageResultModel.swift */; };
/* End PBXBuildFile section */

/* Begin PBXContainerItemProxy section */
		3BE3F7D3297060DC0005B640 /* PBXContainerItemProxy */ = {
			isa = PBXContainerItemProxy;
			containerPortal = 3B1DB86C2963428A00308F43 /* Project object */;
			proxyType = 1;
			remoteGlobalIDString = 3B1DB8732963428A00308F43;
			remoteInfo = ios;
		};
		3BE3F7E2297064340005B640 /* PBXContainerItemProxy */ = {
			isa = PBXContainerItemProxy;
			containerPortal = 3B1DB86C2963428A00308F43 /* Project object */;
			proxyType = 1;
			remoteGlobalIDString = 3B1DB8732963428A00308F43;
			remoteInfo = ios;
		};
/* End PBXContainerItemProxy section */

/* Begin PBXFileReference section */
		3B00229C2987998B003FA5CC /* SettingController.swift */ = {isa = PBXFileReference; lastKnownFileType = sourcecode.swift; path = SettingController.swift; sourceTree = "<group>"; };
		3B00229E29879F7D003FA5CC /* SettingTableView.swift */ = {isa = PBXFileReference; lastKnownFileType = sourcecode.swift; path = SettingTableView.swift; sourceTree = "<group>"; };
		3B0022A22987A9B0003FA5CC /* TierTypes.swift */ = {isa = PBXFileReference; lastKnownFileType = sourcecode.swift; path = TierTypes.swift; sourceTree = "<group>"; };
		3B0022A42987ABA1003FA5CC /* FAQPage.swift */ = {isa = PBXFileReference; lastKnownFileType = sourcecode.swift; path = FAQPage.swift; sourceTree = "<group>"; };
		3B0022A62987AFB1003FA5CC /* WatchRankingController.swift */ = {isa = PBXFileReference; lastKnownFileType = sourcecode.swift; path = WatchRankingController.swift; sourceTree = "<group>"; };
		3B060FD529911158000B2518 /* MainViewModel.swift */ = {isa = PBXFileReference; lastKnownFileType = sourcecode.swift; path = MainViewModel.swift; sourceTree = "<group>"; };
		3B18AA1D29A7B1E90051C086 /* KlipModel.swift */ = {isa = PBXFileReference; lastKnownFileType = sourcecode.swift; path = KlipModel.swift; sourceTree = "<group>"; };
		3B1DB8742963428A00308F43 /* ios.app */ = {isa = PBXFileReference; explicitFileType = wrapper.application; includeInIndex = 0; path = ios.app; sourceTree = BUILT_PRODUCTS_DIR; };
		3B1DB8772963428A00308F43 /* AppDelegate.swift */ = {isa = PBXFileReference; lastKnownFileType = sourcecode.swift; path = AppDelegate.swift; sourceTree = "<group>"; };
		3B1DB8792963428A00308F43 /* SceneDelegate.swift */ = {isa = PBXFileReference; lastKnownFileType = sourcecode.swift; path = SceneDelegate.swift; sourceTree = "<group>"; };
		3B1DB87B2963428A00308F43 /* MainController.swift */ = {isa = PBXFileReference; lastKnownFileType = sourcecode.swift; path = MainController.swift; sourceTree = "<group>"; };
		3B1DB8802963428B00308F43 /* Assets.xcassets */ = {isa = PBXFileReference; lastKnownFileType = folder.assetcatalog; path = Assets.xcassets; sourceTree = "<group>"; };
		3B1DB8832963428B00308F43 /* Base */ = {isa = PBXFileReference; lastKnownFileType = file.storyboard; name = Base; path = Base.lproj/LaunchScreen.storyboard; sourceTree = "<group>"; };
		3B1DB8852963428B00308F43 /* Info.plist */ = {isa = PBXFileReference; lastKnownFileType = text.plist.xml; path = Info.plist; sourceTree = "<group>"; };
		3B58A18E29A6164D006A1817 /* LoginController.swift */ = {isa = PBXFileReference; lastKnownFileType = sourcecode.swift; path = LoginController.swift; sourceTree = "<group>"; };
		3B80B6DA298956F3007FF716 /* IBMPlexSansKR-SemiBold.otf */ = {isa = PBXFileReference; lastKnownFileType = file; path = "IBMPlexSansKR-SemiBold.otf"; sourceTree = "<group>"; };
		3B88801F2992881200680F1A /* RepoContributorInfoController.swift */ = {isa = PBXFileReference; lastKnownFileType = sourcecode.swift; path = RepoContributorInfoController.swift; sourceTree = "<group>"; };
		3B9756E3298A15BB00F27094 /* MyRepositoryRankingController.swift */ = {isa = PBXFileReference; lastKnownFileType = sourcecode.swift; path = MyRepositoryRankingController.swift; sourceTree = "<group>"; };
		3B9756E5298A162200F27094 /* MyOrganizationListController.swift */ = {isa = PBXFileReference; lastKnownFileType = sourcecode.swift; path = MyOrganizationListController.swift; sourceTree = "<group>"; };
		3B9756E7298A166300F27094 /* UnivInRankingController.swift */ = {isa = PBXFileReference; lastKnownFileType = sourcecode.swift; path = UnivInRankingController.swift; sourceTree = "<group>"; };
		3B9756EA298A16D900F27094 /* AllRankingController.swift */ = {isa = PBXFileReference; lastKnownFileType = sourcecode.swift; path = AllRankingController.swift; sourceTree = "<group>"; };
		3B9756EC298A16FF00F27094 /* AllRepositoryRankingController.swift */ = {isa = PBXFileReference; lastKnownFileType = sourcecode.swift; path = AllRepositoryRankingController.swift; sourceTree = "<group>"; };
		3B9756EE298A171300F27094 /* AllUnivRankingController.swift */ = {isa = PBXFileReference; lastKnownFileType = sourcecode.swift; path = AllUnivRankingController.swift; sourceTree = "<group>"; };
		3B9756F0298A32C700F27094 /* WatchRankingTableView.swift */ = {isa = PBXFileReference; lastKnownFileType = sourcecode.swift; path = WatchRankingTableView.swift; sourceTree = "<group>"; };
		3B9756F3298A639000F27094 /* WatchRankingModel.swift */ = {isa = PBXFileReference; lastKnownFileType = sourcecode.swift; path = WatchRankingModel.swift; sourceTree = "<group>"; };
		3B9756F5298A63F600F27094 /* SearchPageModel.swift */ = {isa = PBXFileReference; lastKnownFileType = sourcecode.swift; path = SearchPageModel.swift; sourceTree = "<group>"; };
		3B9756F8298A775900F27094 /* APIURL.swift */ = {isa = PBXFileReference; lastKnownFileType = sourcecode.swift; path = APIURL.swift; sourceTree = "<group>"; };
		3B9CF3D1298F997B00495D35 /* UserInfoModel.swift */ = {isa = PBXFileReference; lastKnownFileType = sourcecode.swift; path = UserInfoModel.swift; sourceTree = "<group>"; };
		3B9CF3D3298F9B8C00495D35 /* UserInfoService.swift */ = {isa = PBXFileReference; lastKnownFileType = sourcecode.swift; path = UserInfoService.swift; sourceTree = "<group>"; };
		3B9CF3D5298FB5A700495D35 /* UserInfoViewModel.swift */ = {isa = PBXFileReference; lastKnownFileType = sourcecode.swift; path = UserInfoViewModel.swift; sourceTree = "<group>"; };
		3BA20136299805AE008978A5 /* MainModel.swift */ = {isa = PBXFileReference; lastKnownFileType = sourcecode.swift; path = MainModel.swift; sourceTree = "<group>"; };
		3BA2013829980661008978A5 /* MainService.swift */ = {isa = PBXFileReference; lastKnownFileType = sourcecode.swift; path = MainService.swift; sourceTree = "<group>"; };
		3BAEA776299CFD090054DC5D /* PostService.swift */ = {isa = PBXFileReference; lastKnownFileType = sourcecode.swift; path = PostService.swift; sourceTree = "<group>"; };
		3BD6DD21298129B8008C05B2 /* SearchPageController.swift */ = {isa = PBXFileReference; lastKnownFileType = sourcecode.swift; path = SearchPageController.swift; sourceTree = "<group>"; };
		3BD6DD2329813CE3008C05B2 /* SearchPageTableView.swift */ = {isa = PBXFileReference; lastKnownFileType = sourcecode.swift; path = SearchPageTableView.swift; sourceTree = "<group>"; };
		3BDF0FA429A619F900816837 /* LoginViewModel.swift */ = {isa = PBXFileReference; lastKnownFileType = sourcecode.swift; path = LoginViewModel.swift; sourceTree = "<group>"; };
		3BDF0FA629A61A4E00816837 /* LoginService.swift */ = {isa = PBXFileReference; lastKnownFileType = sourcecode.swift; path = LoginService.swift; sourceTree = "<group>"; };
		3BE3F7CF297060DC0005B640 /* iosTests.xctest */ = {isa = PBXFileReference; explicitFileType = wrapper.cfbundle; includeInIndex = 0; path = iosTests.xctest; sourceTree = BUILT_PRODUCTS_DIR; };
		3BE3F7D1297060DC0005B640 /* iosTests.swift */ = {isa = PBXFileReference; lastKnownFileType = sourcecode.swift; path = iosTests.swift; sourceTree = "<group>"; };
		3BE3F7DC297064340005B640 /* iosUITests.xctest */ = {isa = PBXFileReference; explicitFileType = wrapper.cfbundle; includeInIndex = 0; path = iosUITests.xctest; sourceTree = BUILT_PRODUCTS_DIR; };
		3BE3F7DE297064340005B640 /* iosUITests.swift */ = {isa = PBXFileReference; lastKnownFileType = sourcecode.swift; path = iosUITests.swift; sourceTree = "<group>"; };
		3BE3F7E0297064340005B640 /* iosUITestsLaunchTests.swift */ = {isa = PBXFileReference; lastKnownFileType = sourcecode.swift; path = iosUITestsLaunchTests.swift; sourceTree = "<group>"; };
		3BE6AD2C2993904D00B22EBD /* RepoContributorTableView.swift */ = {isa = PBXFileReference; lastKnownFileType = sourcecode.swift; path = RepoContributorTableView.swift; sourceTree = "<group>"; };
		3BE6AD2E2993C6D300B22EBD /* RepoContributorInfoService.swift */ = {isa = PBXFileReference; lastKnownFileType = sourcecode.swift; path = RepoContributorInfoService.swift; sourceTree = "<group>"; };
		3BE6AD302993CF8500B22EBD /* RepoContributorInfoViewModel.swift */ = {isa = PBXFileReference; lastKnownFileType = sourcecode.swift; path = RepoContributorInfoViewModel.swift; sourceTree = "<group>"; };
		3BE6AD322993D0D800B22EBD /* RepoContributorInfoModel.swift */ = {isa = PBXFileReference; lastKnownFileType = sourcecode.swift; path = RepoContributorInfoModel.swift; sourceTree = "<group>"; };
		3BF2B31229890F1900F20841 /* WatchRankingCollectionView.swift */ = {isa = PBXFileReference; lastKnownFileType = sourcecode.swift; path = WatchRankingCollectionView.swift; sourceTree = "<group>"; };
		A30BA46C298415B8008B594E /* SearchPageViewModel.swift */ = {isa = PBXFileReference; lastKnownFileType = sourcecode.swift; path = SearchPageViewModel.swift; sourceTree = "<group>"; };
		A30BA46F29841C97008B594E /* SearchPageService.swift */ = {isa = PBXFileReference; lastKnownFileType = sourcecode.swift; path = SearchPageService.swift; sourceTree = "<group>"; };
		A3754F9F2995653B00A683A9 /* TierTokenCustomUIView.swift */ = {isa = PBXFileReference; lastKnownFileType = sourcecode.swift; path = TierTokenCustomUIView.swift; sourceTree = "<group>"; };
		A37AA6E9299D0BA8002812F6 /* MainRankingCollectionView.swift */ = {isa = PBXFileReference; lastKnownFileType = sourcecode.swift; path = MainRankingCollectionView.swift; sourceTree = "<group>"; };
		A37AA6EB29A50F7C002812F6 /* CompareGraphController.swift */ = {isa = PBXFileReference; lastKnownFileType = sourcecode.swift; path = CompareGraphController.swift; sourceTree = "<group>"; };
		A37AA6ED29A525C5002812F6 /* TabBarController.swift */ = {isa = PBXFileReference; lastKnownFileType = sourcecode.swift; path = TabBarController.swift; sourceTree = "<group>"; };
		A37AA6EF29A528FD002812F6 /* CompareUserController.swift */ = {isa = PBXFileReference; lastKnownFileType = sourcecode.swift; path = CompareUserController.swift; sourceTree = "<group>"; };
		A3ADC9732990210D003D6483 /* MainCollectionView.swift */ = {isa = PBXFileReference; lastKnownFileType = sourcecode.swift; path = MainCollectionView.swift; sourceTree = "<group>"; };
		A3ADC97E29911B50003D6483 /* CompareRepositorycontroller.swift */ = {isa = PBXFileReference; lastKnownFileType = sourcecode.swift; path = CompareRepositorycontroller.swift; sourceTree = "<group>"; };
		A3FA74EF298AB72800348D7D /* SearchPageResultModel.swift */ = {isa = PBXFileReference; lastKnownFileType = sourcecode.swift; path = SearchPageResultModel.swift; sourceTree = "<group>"; };
/* End PBXFileReference section */

/* Begin PBXFrameworksBuildPhase section */
		3B1DB8712963428A00308F43 /* Frameworks */ = {
			isa = PBXFrameworksBuildPhase;
			buildActionMask = 2147483647;
			files = (
				A30BA473298946F6008B594E /* SwiftyJSON in Frameworks */,
				3BA0EEE62979A16700B9E952 /* Charts in Frameworks */,
				A3AEEB622975286C00004722 /* RxSwift in Frameworks */,
				A3AEEB652975311400004722 /* SnapKit in Frameworks */,
				3BF2B31629892D7200F20841 /* RxDataSources in Frameworks */,
				A3AEEB602975286C00004722 /* RxCocoa in Frameworks */,
				3B15C596296FB673004AE007 /* Alamofire in Frameworks */,
			);
			runOnlyForDeploymentPostprocessing = 0;
		};
		3BE3F7CC297060DC0005B640 /* Frameworks */ = {
			isa = PBXFrameworksBuildPhase;
			buildActionMask = 2147483647;
			files = (
				3B7B1D36298404BD0038BD67 /* Charts in Frameworks */,
				3B7B1D32298404B60038BD67 /* Alamofire in Frameworks */,
				3B7B1D34298404B90038BD67 /* SnapKit in Frameworks */,
				3B7B1D30298404B20038BD67 /* RxSwift in Frameworks */,
				3BF2B31829892D8200F20841 /* RxDataSources in Frameworks */,
				3B7B1D38298404C70038BD67 /* RxTest in Frameworks */,
				3B7B1D2E298404AE0038BD67 /* RxCocoa in Frameworks */,
			);
			runOnlyForDeploymentPostprocessing = 0;
		};
		3BE3F7D9297064340005B640 /* Frameworks */ = {
			isa = PBXFrameworksBuildPhase;
			buildActionMask = 2147483647;
			files = (
			);
			runOnlyForDeploymentPostprocessing = 0;
		};
/* End PBXFrameworksBuildPhase section */

/* Begin PBXGroup section */
		3B1DB86B2963428A00308F43 = {
			isa = PBXGroup;
			children = (
				3B1DB8762963428A00308F43 /* ios */,
				3BE3F7D0297060DC0005B640 /* iosTests */,
				3BE3F7DD297064340005B640 /* iosUITests */,
				3B1DB8752963428A00308F43 /* Products */,
				3B7B1D2C298404AE0038BD67 /* Frameworks */,
			);
			sourceTree = "<group>";
		};
		3B1DB8752963428A00308F43 /* Products */ = {
			isa = PBXGroup;
			children = (
				3B1DB8742963428A00308F43 /* ios.app */,
				3BE3F7CF297060DC0005B640 /* iosTests.xctest */,
				3BE3F7DC297064340005B640 /* iosUITests.xctest */,
			);
			name = Products;
			sourceTree = "<group>";
		};
		3B1DB8762963428A00308F43 /* ios */ = {
			isa = PBXGroup;
			children = (
				3B9756F8298A775900F27094 /* APIURL.swift */,
				3B80B6DD298957DF007FF716 /* Fonts */,
				3BA0EEE0297999FD00B9E952 /* Delegate */,
				3BA0EEE129799A1100B9E952 /* View */,
				3BA0EEE229799A2900B9E952 /* ViewModel */,
				A30BA46E29841C1E008B594E /* Services */,
				3BA0EEE329799A3000B9E952 /* Model */,
				3B1DB8802963428B00308F43 /* Assets.xcassets */,
				3B1DB8852963428B00308F43 /* Info.plist */,
			);
			path = ios;
			sourceTree = "<group>";
		};
		3B7B1D2C298404AE0038BD67 /* Frameworks */ = {
			isa = PBXGroup;
			children = (
			);
			name = Frameworks;
			sourceTree = "<group>";
		};
		3B80B6DD298957DF007FF716 /* Fonts */ = {
			isa = PBXGroup;
			children = (
				3B80B6DA298956F3007FF716 /* IBMPlexSansKR-SemiBold.otf */,
			);
			path = Fonts;
			sourceTree = "<group>";
		};
		3B9756E9298A16B200F27094 /* WatchRankingScreen */ = {
			isa = PBXGroup;
			children = (
				3B9756E3298A15BB00F27094 /* MyRepositoryRankingController.swift */,
				3B9756E5298A162200F27094 /* MyOrganizationListController.swift */,
				3B9756E7298A166300F27094 /* UnivInRankingController.swift */,
				3B9756EE298A171300F27094 /* AllUnivRankingController.swift */,
				3B9756EA298A16D900F27094 /* AllRankingController.swift */,
				3B9756EC298A16FF00F27094 /* AllRepositoryRankingController.swift */,
				3B9756F0298A32C700F27094 /* WatchRankingTableView.swift */,
			);
			path = WatchRankingScreen;
			sourceTree = "<group>";
		};
		3B9756F2298A33E900F27094 /* SettingScreen */ = {
			isa = PBXGroup;
			children = (
				3B0022A22987A9B0003FA5CC /* TierTypes.swift */,
				3B0022A42987ABA1003FA5CC /* FAQPage.swift */,
			);
			path = SettingScreen;
			sourceTree = "<group>";
		};
		3BA0EEE0297999FD00B9E952 /* Delegate */ = {
			isa = PBXGroup;
			children = (
				3B1DB8772963428A00308F43 /* AppDelegate.swift */,
				3B1DB8792963428A00308F43 /* SceneDelegate.swift */,
			);
			path = Delegate;
			sourceTree = "<group>";
		};
		3BA0EEE129799A1100B9E952 /* View */ = {
			isa = PBXGroup;
			children = (
				3B1DB8822963428B00308F43 /* LaunchScreen.storyboard */,
				3B58A18E29A6164D006A1817 /* LoginController.swift */,
				3B1DB87B2963428A00308F43 /* MainController.swift */,
				A3754F9F2995653B00A683A9 /* TierTokenCustomUIView.swift */,
				A3ADC9732990210D003D6483 /* MainCollectionView.swift */,
				A37AA6E9299D0BA8002812F6 /* MainRankingCollectionView.swift */,
				A3ADC97729911357003D6483 /* MainScreen */,
				3B00229C2987998B003FA5CC /* SettingController.swift */,
				3B00229E29879F7D003FA5CC /* SettingTableView.swift */,
				3B9756F2298A33E900F27094 /* SettingScreen */,
				3BD6DD21298129B8008C05B2 /* SearchPageController.swift */,
				3BD6DD2329813CE3008C05B2 /* SearchPageTableView.swift */,
				3B88801F2992881200680F1A /* RepoContributorInfoController.swift */,
				3BE6AD2C2993904D00B22EBD /* RepoContributorTableView.swift */,
			);
			path = View;
			sourceTree = "<group>";
		};
		3BA0EEE229799A2900B9E952 /* ViewModel */ = {
			isa = PBXGroup;
			children = (
				A30BA46C298415B8008B594E /* SearchPageViewModel.swift */,
				3B9CF3D5298FB5A700495D35 /* UserInfoViewModel.swift */,
				3B060FD529911158000B2518 /* MainViewModel.swift */,
				3BE6AD302993CF8500B22EBD /* RepoContributorInfoViewModel.swift */,
				3BDF0FA429A619F900816837 /* LoginViewModel.swift */,
			);
			path = ViewModel;
			sourceTree = "<group>";
		};
		3BA0EEE329799A3000B9E952 /* Model */ = {
			isa = PBXGroup;
			children = (
				3B18AA1D29A7B1E90051C086 /* KlipModel.swift */,
				3B9756F3298A639000F27094 /* WatchRankingModel.swift */,
				3B9756F5298A63F600F27094 /* SearchPageModel.swift */,
				A3FA74EF298AB72800348D7D /* SearchPageResultModel.swift */,
				3B9CF3D1298F997B00495D35 /* UserInfoModel.swift */,
				3BE6AD322993D0D800B22EBD /* RepoContributorInfoModel.swift */,
				3BA20136299805AE008978A5 /* MainModel.swift */,
			);
			path = Model;
			sourceTree = "<group>";
		};
		3BE3F7D0297060DC0005B640 /* iosTests */ = {
			isa = PBXGroup;
			children = (
				3BE3F7D1297060DC0005B640 /* iosTests.swift */,
			);
			path = iosTests;
			sourceTree = "<group>";
		};
		3BE3F7DD297064340005B640 /* iosUITests */ = {
			isa = PBXGroup;
			children = (
				3BE3F7DE297064340005B640 /* iosUITests.swift */,
				3BE3F7E0297064340005B640 /* iosUITestsLaunchTests.swift */,
			);
			path = iosUITests;
			sourceTree = "<group>";
		};
		A30BA46E29841C1E008B594E /* Services */ = {
			isa = PBXGroup;
			children = (
				A30BA46F29841C97008B594E /* SearchPageService.swift */,
				3B9CF3D3298F9B8C00495D35 /* UserInfoService.swift */,
				3BE6AD2E2993C6D300B22EBD /* RepoContributorInfoService.swift */,
				3BA2013829980661008978A5 /* MainService.swift */,
				3BAEA776299CFD090054DC5D /* PostService.swift */,
				3BDF0FA629A61A4E00816837 /* LoginService.swift */,
			);
			path = Services;
			sourceTree = "<group>";
		};
		A3ADC97729911357003D6483 /* MainScreen */ = {
			isa = PBXGroup;
			children = (
				A3ADC97E29911B50003D6483 /* CompareRepositorycontroller.swift */,
				A37AA6EB29A50F7C002812F6 /* CompareGraphController.swift */,
				A37AA6ED29A525C5002812F6 /* TabBarController.swift */,
				3B0022A62987AFB1003FA5CC /* WatchRankingController.swift */,
				3BF2B31229890F1900F20841 /* WatchRankingCollectionView.swift */,
				3B9756E9298A16B200F27094 /* WatchRankingScreen */,
				A37AA6EF29A528FD002812F6 /* CompareUserController.swift */,
			);
			path = MainScreen;
			sourceTree = "<group>";
		};
/* End PBXGroup section */

/* Begin PBXNativeTarget section */
		3B1DB8732963428A00308F43 /* ios */ = {
			isa = PBXNativeTarget;
			buildConfigurationList = 3B1DB8882963428B00308F43 /* Build configuration list for PBXNativeTarget "ios" */;
			buildPhases = (
				3B1DB8702963428A00308F43 /* Sources */,
				3B1DB8712963428A00308F43 /* Frameworks */,
				3B1DB8722963428A00308F43 /* Resources */,
			);
			buildRules = (
			);
			dependencies = (
			);
			name = ios;
			packageProductDependencies = (
				3B15C595296FB673004AE007 /* Alamofire */,
				A3AEEB5F2975286C00004722 /* RxCocoa */,
				A3AEEB612975286C00004722 /* RxSwift */,
				A3AEEB642975311400004722 /* SnapKit */,
				3BA0EEE52979A16700B9E952 /* Charts */,
				A30BA472298946F6008B594E /* SwiftyJSON */,
				3BF2B31529892D7200F20841 /* RxDataSources */,
			);
			productName = ios;
			productReference = 3B1DB8742963428A00308F43 /* ios.app */;
			productType = "com.apple.product-type.application";
		};
		3BE3F7CE297060DC0005B640 /* iosTests */ = {
			isa = PBXNativeTarget;
			buildConfigurationList = 3BE3F7D7297060DC0005B640 /* Build configuration list for PBXNativeTarget "iosTests" */;
			buildPhases = (
				3BE3F7CB297060DC0005B640 /* Sources */,
				3BE3F7CC297060DC0005B640 /* Frameworks */,
				3BE3F7CD297060DC0005B640 /* Resources */,
			);
			buildRules = (
			);
			dependencies = (
				3BE3F7D4297060DC0005B640 /* PBXTargetDependency */,
			);
			name = iosTests;
			packageProductDependencies = (
				3B7B1D2D298404AE0038BD67 /* RxCocoa */,
				3B7B1D2F298404B20038BD67 /* RxSwift */,
				3B7B1D31298404B60038BD67 /* Alamofire */,
				3B7B1D33298404B90038BD67 /* SnapKit */,
				3B7B1D35298404BD0038BD67 /* Charts */,
				3B7B1D37298404C70038BD67 /* RxTest */,
				3BF2B31729892D8200F20841 /* RxDataSources */,
			);
			productName = iosTests;
			productReference = 3BE3F7CF297060DC0005B640 /* iosTests.xctest */;
			productType = "com.apple.product-type.bundle.unit-test";
		};
		3BE3F7DB297064340005B640 /* iosUITests */ = {
			isa = PBXNativeTarget;
			buildConfigurationList = 3BE3F7E4297064340005B640 /* Build configuration list for PBXNativeTarget "iosUITests" */;
			buildPhases = (
				3BE3F7D8297064340005B640 /* Sources */,
				3BE3F7D9297064340005B640 /* Frameworks */,
				3BE3F7DA297064340005B640 /* Resources */,
			);
			buildRules = (
			);
			dependencies = (
				3BE3F7E3297064340005B640 /* PBXTargetDependency */,
			);
			name = iosUITests;
			productName = iosUITests;
			productReference = 3BE3F7DC297064340005B640 /* iosUITests.xctest */;
			productType = "com.apple.product-type.bundle.ui-testing";
		};
/* End PBXNativeTarget section */

/* Begin PBXProject section */
		3B1DB86C2963428A00308F43 /* Project object */ = {
			isa = PBXProject;
			attributes = {
				BuildIndependentTargetsInParallel = 1;
				LastSwiftUpdateCheck = 1420;
				LastUpgradeCheck = 1420;
				TargetAttributes = {
					3B1DB8732963428A00308F43 = {
						CreatedOnToolsVersion = 14.2;
					};
					3BE3F7CE297060DC0005B640 = {
						CreatedOnToolsVersion = 14.2;
						TestTargetID = 3B1DB8732963428A00308F43;
					};
					3BE3F7DB297064340005B640 = {
						CreatedOnToolsVersion = 14.2;
						TestTargetID = 3B1DB8732963428A00308F43;
					};
				};
			};
			buildConfigurationList = 3B1DB86F2963428A00308F43 /* Build configuration list for PBXProject "ios" */;
			compatibilityVersion = "Xcode 14.0";
			developmentRegion = en;
			hasScannedForEncodings = 0;
			knownRegions = (
				en,
				Base,
			);
			mainGroup = 3B1DB86B2963428A00308F43;
			packageReferences = (
				3B15C594296FB673004AE007 /* XCRemoteSwiftPackageReference "Alamofire" */,
				A3AEEB5E2975286C00004722 /* XCRemoteSwiftPackageReference "RxSwift" */,
				A3AEEB632975311400004722 /* XCRemoteSwiftPackageReference "SnapKit" */,
				3BA0EEE42979A16700B9E952 /* XCRemoteSwiftPackageReference "Charts" */,
				3BF2B31429892D7200F20841 /* XCRemoteSwiftPackageReference "RxDataSources" */,
				A30BA471298946F6008B594E /* XCRemoteSwiftPackageReference "SwiftyJSON" */,
			);
			productRefGroup = 3B1DB8752963428A00308F43 /* Products */;
			projectDirPath = "";
			projectRoot = "";
			targets = (
				3B1DB8732963428A00308F43 /* ios */,
				3BE3F7CE297060DC0005B640 /* iosTests */,
				3BE3F7DB297064340005B640 /* iosUITests */,
			);
		};
/* End PBXProject section */

/* Begin PBXResourcesBuildPhase section */
		3B1DB8722963428A00308F43 /* Resources */ = {
			isa = PBXResourcesBuildPhase;
			buildActionMask = 2147483647;
			files = (
				3B80B6DB298956F3007FF716 /* IBMPlexSansKR-SemiBold.otf in Resources */,
				3B1DB8842963428B00308F43 /* LaunchScreen.storyboard in Resources */,
				3B1DB8812963428B00308F43 /* Assets.xcassets in Resources */,
			);
			runOnlyForDeploymentPostprocessing = 0;
		};
		3BE3F7CD297060DC0005B640 /* Resources */ = {
			isa = PBXResourcesBuildPhase;
			buildActionMask = 2147483647;
			files = (
				3B80B6DC298956F3007FF716 /* IBMPlexSansKR-SemiBold.otf in Resources */,
			);
			runOnlyForDeploymentPostprocessing = 0;
		};
		3BE3F7DA297064340005B640 /* Resources */ = {
			isa = PBXResourcesBuildPhase;
			buildActionMask = 2147483647;
			files = (
			);
			runOnlyForDeploymentPostprocessing = 0;
		};
/* End PBXResourcesBuildPhase section */

/* Begin PBXSourcesBuildPhase section */
		3B1DB8702963428A00308F43 /* Sources */ = {
			isa = PBXSourcesBuildPhase;
			buildActionMask = 2147483647;
			files = (
				3B9CF3D2298F997B00495D35 /* UserInfoModel.swift in Sources */,
				A37AA6EC29A50F7C002812F6 /* CompareGraphController.swift in Sources */,
				A30BA46D298415B8008B594E /* SearchPageViewModel.swift in Sources */,
				A3FA74F0298AB72800348D7D /* SearchPageResultModel.swift in Sources */,
				3BE6AD2D2993904D00B22EBD /* RepoContributorTableView.swift in Sources */,
				A37AA6F029A528FD002812F6 /* CompareUserController.swift in Sources */,
				3B0022A72987AFB1003FA5CC /* WatchRankingController.swift in Sources */,
				3B9756F4298A639000F27094 /* WatchRankingModel.swift in Sources */,
				3BDF0FA529A619F900816837 /* LoginViewModel.swift in Sources */,
				3BD6DD2429813CE3008C05B2 /* SearchPageTableView.swift in Sources */,
				3B9756F9298A775900F27094 /* APIURL.swift in Sources */,
				3B9756F1298A32C700F27094 /* WatchRankingTableView.swift in Sources */,
				3B0022A32987A9B0003FA5CC /* TierTypes.swift in Sources */,
				3BDF0FA729A61A4E00816837 /* LoginService.swift in Sources */,
				3BAEA777299CFD090054DC5D /* PostService.swift in Sources */,
				3BE6AD332993D0D800B22EBD /* RepoContributorInfoModel.swift in Sources */,
				3BD6DD22298129B8008C05B2 /* SearchPageController.swift in Sources */,
				3B9756E6298A162200F27094 /* MyOrganizationListController.swift in Sources */,
				3B9756E4298A15BB00F27094 /* MyRepositoryRankingController.swift in Sources */,
				3B00229F29879F7D003FA5CC /* SettingTableView.swift in Sources */,
				A37AA6EA299D0BA8002812F6 /* MainRankingCollectionView.swift in Sources */,
				3B0022A52987ABA1003FA5CC /* FAQPage.swift in Sources */,
				3B18AA1E29A7B1E90051C086 /* KlipModel.swift in Sources */,
				3B1DB87C2963428A00308F43 /* MainController.swift in Sources */,
				3B9CF3D6298FB5A700495D35 /* UserInfoViewModel.swift in Sources */,
				A3ADC9742990210E003D6483 /* MainCollectionView.swift in Sources */,
				3B9CF3D4298F9B8C00495D35 /* UserInfoService.swift in Sources */,
				3B9756E8298A166300F27094 /* UnivInRankingController.swift in Sources */,
				3B1DB8782963428A00308F43 /* AppDelegate.swift in Sources */,
				3B9756ED298A16FF00F27094 /* AllRepositoryRankingController.swift in Sources */,
				A30BA47029841C97008B594E /* SearchPageService.swift in Sources */,
				3BE6AD312993CF8500B22EBD /* RepoContributorInfoViewModel.swift in Sources */,
				3B8880202992881200680F1A /* RepoContributorInfoController.swift in Sources */,
				3BA2013929980661008978A5 /* MainService.swift in Sources */,
				3B9756F6298A63F600F27094 /* SearchPageModel.swift in Sources */,
				3BA20137299805AE008978A5 /* MainModel.swift in Sources */,
				3B58A18F29A6164D006A1817 /* LoginController.swift in Sources */,
				3B9756EB298A16D900F27094 /* AllRankingController.swift in Sources */,
				3B1DB87A2963428A00308F43 /* SceneDelegate.swift in Sources */,
				3BF2B31329890F1900F20841 /* WatchRankingCollectionView.swift in Sources */,
				3B9756EF298A171300F27094 /* AllUnivRankingController.swift in Sources */,
				A3754FA02995653B00A683A9 /* TierTokenCustomUIView.swift in Sources */,
				3BE6AD2F2993C6D300B22EBD /* RepoContributorInfoService.swift in Sources */,
				3B00229D2987998B003FA5CC /* SettingController.swift in Sources */,
				A37AA6EE29A525C5002812F6 /* TabBarController.swift in Sources */,
				3B060FD629911158000B2518 /* MainViewModel.swift in Sources */,
				A3ADC97F29911B50003D6483 /* CompareRepositorycontroller.swift in Sources */,
			);
			runOnlyForDeploymentPostprocessing = 0;
		};
		3BE3F7CB297060DC0005B640 /* Sources */ = {
			isa = PBXSourcesBuildPhase;
			buildActionMask = 2147483647;
			files = (
				3BE3F7D2297060DC0005B640 /* iosTests.swift in Sources */,
			);
			runOnlyForDeploymentPostprocessing = 0;
		};
		3BE3F7D8297064340005B640 /* Sources */ = {
			isa = PBXSourcesBuildPhase;
			buildActionMask = 2147483647;
			files = (
				3BE3F7E1297064340005B640 /* iosUITestsLaunchTests.swift in Sources */,
				3BE3F7DF297064340005B640 /* iosUITests.swift in Sources */,
			);
			runOnlyForDeploymentPostprocessing = 0;
		};
/* End PBXSourcesBuildPhase section */

/* Begin PBXTargetDependency section */
		3BE3F7D4297060DC0005B640 /* PBXTargetDependency */ = {
			isa = PBXTargetDependency;
			target = 3B1DB8732963428A00308F43 /* ios */;
			targetProxy = 3BE3F7D3297060DC0005B640 /* PBXContainerItemProxy */;
		};
		3BE3F7E3297064340005B640 /* PBXTargetDependency */ = {
			isa = PBXTargetDependency;
			target = 3B1DB8732963428A00308F43 /* ios */;
			targetProxy = 3BE3F7E2297064340005B640 /* PBXContainerItemProxy */;
		};
/* End PBXTargetDependency section */

/* Begin PBXVariantGroup section */
		3B1DB8822963428B00308F43 /* LaunchScreen.storyboard */ = {
			isa = PBXVariantGroup;
			children = (
				3B1DB8832963428B00308F43 /* Base */,
			);
			name = LaunchScreen.storyboard;
			sourceTree = "<group>";
		};
/* End PBXVariantGroup section */

/* Begin XCBuildConfiguration section */
		3B1DB8862963428B00308F43 /* Debug */ = {
			isa = XCBuildConfiguration;
			buildSettings = {
				ALWAYS_SEARCH_USER_PATHS = NO;
				CLANG_ANALYZER_NONNULL = YES;
				CLANG_ANALYZER_NUMBER_OBJECT_CONVERSION = YES_AGGRESSIVE;
				CLANG_CXX_LANGUAGE_STANDARD = "gnu++20";
				CLANG_ENABLE_MODULES = YES;
				CLANG_ENABLE_OBJC_ARC = YES;
				CLANG_ENABLE_OBJC_WEAK = YES;
				CLANG_WARN_BLOCK_CAPTURE_AUTORELEASING = YES;
				CLANG_WARN_BOOL_CONVERSION = YES;
				CLANG_WARN_COMMA = YES;
				CLANG_WARN_CONSTANT_CONVERSION = YES;
				CLANG_WARN_DEPRECATED_OBJC_IMPLEMENTATIONS = YES;
				CLANG_WARN_DIRECT_OBJC_ISA_USAGE = YES_ERROR;
				CLANG_WARN_DOCUMENTATION_COMMENTS = YES;
				CLANG_WARN_EMPTY_BODY = YES;
				CLANG_WARN_ENUM_CONVERSION = YES;
				CLANG_WARN_INFINITE_RECURSION = YES;
				CLANG_WARN_INT_CONVERSION = YES;
				CLANG_WARN_NON_LITERAL_NULL_CONVERSION = YES;
				CLANG_WARN_OBJC_IMPLICIT_RETAIN_SELF = YES;
				CLANG_WARN_OBJC_LITERAL_CONVERSION = YES;
				CLANG_WARN_OBJC_ROOT_CLASS = YES_ERROR;
				CLANG_WARN_QUOTED_INCLUDE_IN_FRAMEWORK_HEADER = YES;
				CLANG_WARN_RANGE_LOOP_ANALYSIS = YES;
				CLANG_WARN_STRICT_PROTOTYPES = YES;
				CLANG_WARN_SUSPICIOUS_MOVE = YES;
				CLANG_WARN_UNGUARDED_AVAILABILITY = YES_AGGRESSIVE;
				CLANG_WARN_UNREACHABLE_CODE = YES;
				CLANG_WARN__DUPLICATE_METHOD_MATCH = YES;
				COPY_PHASE_STRIP = NO;
				DEBUG_INFORMATION_FORMAT = dwarf;
				ENABLE_STRICT_OBJC_MSGSEND = YES;
				ENABLE_TESTABILITY = YES;
				GCC_C_LANGUAGE_STANDARD = gnu11;
				GCC_DYNAMIC_NO_PIC = NO;
				GCC_NO_COMMON_BLOCKS = YES;
				GCC_OPTIMIZATION_LEVEL = 0;
				GCC_PREPROCESSOR_DEFINITIONS = (
					"DEBUG=1",
					"$(inherited)",
				);
				GCC_WARN_64_TO_32_BIT_CONVERSION = YES;
				GCC_WARN_ABOUT_RETURN_TYPE = YES_ERROR;
				GCC_WARN_UNDECLARED_SELECTOR = YES;
				GCC_WARN_UNINITIALIZED_AUTOS = YES_AGGRESSIVE;
				GCC_WARN_UNUSED_FUNCTION = YES;
				GCC_WARN_UNUSED_VARIABLE = YES;
				IPHONEOS_DEPLOYMENT_TARGET = 16.2;
				MTL_ENABLE_DEBUG_INFO = INCLUDE_SOURCE;
				MTL_FAST_MATH = YES;
				ONLY_ACTIVE_ARCH = YES;
				SDKROOT = iphoneos;
				SWIFT_ACTIVE_COMPILATION_CONDITIONS = DEBUG;
				SWIFT_OPTIMIZATION_LEVEL = "-Onone";
			};
			name = Debug;
		};
		3B1DB8872963428B00308F43 /* Release */ = {
			isa = XCBuildConfiguration;
			buildSettings = {
				ALWAYS_SEARCH_USER_PATHS = NO;
				CLANG_ANALYZER_NONNULL = YES;
				CLANG_ANALYZER_NUMBER_OBJECT_CONVERSION = YES_AGGRESSIVE;
				CLANG_CXX_LANGUAGE_STANDARD = "gnu++20";
				CLANG_ENABLE_MODULES = YES;
				CLANG_ENABLE_OBJC_ARC = YES;
				CLANG_ENABLE_OBJC_WEAK = YES;
				CLANG_WARN_BLOCK_CAPTURE_AUTORELEASING = YES;
				CLANG_WARN_BOOL_CONVERSION = YES;
				CLANG_WARN_COMMA = YES;
				CLANG_WARN_CONSTANT_CONVERSION = YES;
				CLANG_WARN_DEPRECATED_OBJC_IMPLEMENTATIONS = YES;
				CLANG_WARN_DIRECT_OBJC_ISA_USAGE = YES_ERROR;
				CLANG_WARN_DOCUMENTATION_COMMENTS = YES;
				CLANG_WARN_EMPTY_BODY = YES;
				CLANG_WARN_ENUM_CONVERSION = YES;
				CLANG_WARN_INFINITE_RECURSION = YES;
				CLANG_WARN_INT_CONVERSION = YES;
				CLANG_WARN_NON_LITERAL_NULL_CONVERSION = YES;
				CLANG_WARN_OBJC_IMPLICIT_RETAIN_SELF = YES;
				CLANG_WARN_OBJC_LITERAL_CONVERSION = YES;
				CLANG_WARN_OBJC_ROOT_CLASS = YES_ERROR;
				CLANG_WARN_QUOTED_INCLUDE_IN_FRAMEWORK_HEADER = YES;
				CLANG_WARN_RANGE_LOOP_ANALYSIS = YES;
				CLANG_WARN_STRICT_PROTOTYPES = YES;
				CLANG_WARN_SUSPICIOUS_MOVE = YES;
				CLANG_WARN_UNGUARDED_AVAILABILITY = YES_AGGRESSIVE;
				CLANG_WARN_UNREACHABLE_CODE = YES;
				CLANG_WARN__DUPLICATE_METHOD_MATCH = YES;
				COPY_PHASE_STRIP = NO;
				DEBUG_INFORMATION_FORMAT = "dwarf-with-dsym";
				ENABLE_NS_ASSERTIONS = NO;
				ENABLE_STRICT_OBJC_MSGSEND = YES;
				GCC_C_LANGUAGE_STANDARD = gnu11;
				GCC_NO_COMMON_BLOCKS = YES;
				GCC_WARN_64_TO_32_BIT_CONVERSION = YES;
				GCC_WARN_ABOUT_RETURN_TYPE = YES_ERROR;
				GCC_WARN_UNDECLARED_SELECTOR = YES;
				GCC_WARN_UNINITIALIZED_AUTOS = YES_AGGRESSIVE;
				GCC_WARN_UNUSED_FUNCTION = YES;
				GCC_WARN_UNUSED_VARIABLE = YES;
				IPHONEOS_DEPLOYMENT_TARGET = 16.2;
				MTL_ENABLE_DEBUG_INFO = NO;
				MTL_FAST_MATH = YES;
				SDKROOT = iphoneos;
				SWIFT_COMPILATION_MODE = wholemodule;
				SWIFT_OPTIMIZATION_LEVEL = "-O";
				VALIDATE_PRODUCT = YES;
			};
			name = Release;
		};
		3B1DB8892963428B00308F43 /* Debug */ = {
			isa = XCBuildConfiguration;
			buildSettings = {
				ASSETCATALOG_COMPILER_APPICON_NAME = AppIcon;
				ASSETCATALOG_COMPILER_GLOBAL_ACCENT_COLOR_NAME = AccentColor;
				CODE_SIGN_STYLE = Automatic;
				CURRENT_PROJECT_VERSION = 1;
				DEVELOPMENT_TEAM = SN5J3DYFX4;
				GENERATE_INFOPLIST_FILE = YES;
				INFOPLIST_FILE = ios/Info.plist;
				INFOPLIST_KEY_UIApplicationSupportsIndirectInputEvents = YES;
				INFOPLIST_KEY_UILaunchStoryboardName = LaunchScreen;
				INFOPLIST_KEY_UISupportedInterfaceOrientations_iPad = "UIInterfaceOrientationPortrait UIInterfaceOrientationPortraitUpsideDown UIInterfaceOrientationLandscapeLeft UIInterfaceOrientationLandscapeRight";
				INFOPLIST_KEY_UISupportedInterfaceOrientations_iPhone = "UIInterfaceOrientationPortrait UIInterfaceOrientationLandscapeLeft UIInterfaceOrientationLandscapeRight";
				IPHONEOS_DEPLOYMENT_TARGET = 14.0;
				LD_RUNPATH_SEARCH_PATHS = (
					"$(inherited)",
					"@executable_path/Frameworks",
				);
				MARKETING_VERSION = 1.0;
				PRODUCT_BUNDLE_IDENTIFIER = "DragonGuard-JinJin.ios";
				PRODUCT_NAME = "$(TARGET_NAME)";
				SWIFT_EMIT_LOC_STRINGS = YES;
				SWIFT_VERSION = 5.0;
				TARGETED_DEVICE_FAMILY = "1,2";
			};
			name = Debug;
		};
		3B1DB88A2963428B00308F43 /* Release */ = {
			isa = XCBuildConfiguration;
			buildSettings = {
				ASSETCATALOG_COMPILER_APPICON_NAME = AppIcon;
				ASSETCATALOG_COMPILER_GLOBAL_ACCENT_COLOR_NAME = AccentColor;
				CODE_SIGN_STYLE = Automatic;
				CURRENT_PROJECT_VERSION = 1;
				DEVELOPMENT_TEAM = SN5J3DYFX4;
				GENERATE_INFOPLIST_FILE = YES;
				INFOPLIST_FILE = ios/Info.plist;
				INFOPLIST_KEY_UIApplicationSupportsIndirectInputEvents = YES;
				INFOPLIST_KEY_UILaunchStoryboardName = LaunchScreen;
				INFOPLIST_KEY_UISupportedInterfaceOrientations_iPad = "UIInterfaceOrientationPortrait UIInterfaceOrientationPortraitUpsideDown UIInterfaceOrientationLandscapeLeft UIInterfaceOrientationLandscapeRight";
				INFOPLIST_KEY_UISupportedInterfaceOrientations_iPhone = "UIInterfaceOrientationPortrait UIInterfaceOrientationLandscapeLeft UIInterfaceOrientationLandscapeRight";
				IPHONEOS_DEPLOYMENT_TARGET = 14.0;
				LD_RUNPATH_SEARCH_PATHS = (
					"$(inherited)",
					"@executable_path/Frameworks",
				);
				MARKETING_VERSION = 1.0;
				PRODUCT_BUNDLE_IDENTIFIER = "DragonGuard-JinJin.ios";
				PRODUCT_NAME = "$(TARGET_NAME)";
				SWIFT_EMIT_LOC_STRINGS = YES;
				SWIFT_VERSION = 5.0;
				TARGETED_DEVICE_FAMILY = "1,2";
			};
			name = Release;
		};
		3BE3F7D5297060DC0005B640 /* Debug */ = {
			isa = XCBuildConfiguration;
			buildSettings = {
				BUNDLE_LOADER = "$(TEST_HOST)";
				CODE_SIGN_STYLE = Automatic;
				CURRENT_PROJECT_VERSION = 1;
				DEVELOPMENT_TEAM = SN5J3DYFX4;
				GENERATE_INFOPLIST_FILE = YES;
				IPHONEOS_DEPLOYMENT_TARGET = 16.0;
				MARKETING_VERSION = 1.0;
				PRODUCT_BUNDLE_IDENTIFIER = JJ.iosTests;
				PRODUCT_NAME = "$(TARGET_NAME)";
				SWIFT_EMIT_LOC_STRINGS = NO;
				SWIFT_VERSION = 5.0;
				TARGETED_DEVICE_FAMILY = "1,2";
				TEST_HOST = "$(BUILT_PRODUCTS_DIR)/ios.app/$(BUNDLE_EXECUTABLE_FOLDER_PATH)/ios";
			};
			name = Debug;
		};
		3BE3F7D6297060DC0005B640 /* Release */ = {
			isa = XCBuildConfiguration;
			buildSettings = {
				BUNDLE_LOADER = "$(TEST_HOST)";
				CODE_SIGN_STYLE = Automatic;
				CURRENT_PROJECT_VERSION = 1;
				DEVELOPMENT_TEAM = SN5J3DYFX4;
				GENERATE_INFOPLIST_FILE = YES;
				IPHONEOS_DEPLOYMENT_TARGET = 16.0;
				MARKETING_VERSION = 1.0;
				PRODUCT_BUNDLE_IDENTIFIER = JJ.iosTests;
				PRODUCT_NAME = "$(TARGET_NAME)";
				SWIFT_EMIT_LOC_STRINGS = NO;
				SWIFT_VERSION = 5.0;
				TARGETED_DEVICE_FAMILY = "1,2";
				TEST_HOST = "$(BUILT_PRODUCTS_DIR)/ios.app/$(BUNDLE_EXECUTABLE_FOLDER_PATH)/ios";
			};
			name = Release;
		};
		3BE3F7E5297064340005B640 /* Debug */ = {
			isa = XCBuildConfiguration;
			buildSettings = {
				CODE_SIGN_STYLE = Automatic;
				CURRENT_PROJECT_VERSION = 1;
				DEVELOPMENT_TEAM = SN5J3DYFX4;
				GENERATE_INFOPLIST_FILE = YES;
				MARKETING_VERSION = 1.0;
				PRODUCT_BUNDLE_IDENTIFIER = JJ.iosUITests;
				PRODUCT_NAME = "$(TARGET_NAME)";
				SWIFT_EMIT_LOC_STRINGS = NO;
				SWIFT_VERSION = 5.0;
				TARGETED_DEVICE_FAMILY = "1,2";
				TEST_TARGET_NAME = ios;
			};
			name = Debug;
		};
		3BE3F7E6297064340005B640 /* Release */ = {
			isa = XCBuildConfiguration;
			buildSettings = {
				CODE_SIGN_STYLE = Automatic;
				CURRENT_PROJECT_VERSION = 1;
				DEVELOPMENT_TEAM = SN5J3DYFX4;
				GENERATE_INFOPLIST_FILE = YES;
				MARKETING_VERSION = 1.0;
				PRODUCT_BUNDLE_IDENTIFIER = JJ.iosUITests;
				PRODUCT_NAME = "$(TARGET_NAME)";
				SWIFT_EMIT_LOC_STRINGS = NO;
				SWIFT_VERSION = 5.0;
				TARGETED_DEVICE_FAMILY = "1,2";
				TEST_TARGET_NAME = ios;
			};
			name = Release;
		};
/* End XCBuildConfiguration section */

/* Begin XCConfigurationList section */
		3B1DB86F2963428A00308F43 /* Build configuration list for PBXProject "ios" */ = {
			isa = XCConfigurationList;
			buildConfigurations = (
				3B1DB8862963428B00308F43 /* Debug */,
				3B1DB8872963428B00308F43 /* Release */,
			);
			defaultConfigurationIsVisible = 0;
			defaultConfigurationName = Release;
		};
		3B1DB8882963428B00308F43 /* Build configuration list for PBXNativeTarget "ios" */ = {
			isa = XCConfigurationList;
			buildConfigurations = (
				3B1DB8892963428B00308F43 /* Debug */,
				3B1DB88A2963428B00308F43 /* Release */,
			);
			defaultConfigurationIsVisible = 0;
			defaultConfigurationName = Release;
		};
		3BE3F7D7297060DC0005B640 /* Build configuration list for PBXNativeTarget "iosTests" */ = {
			isa = XCConfigurationList;
			buildConfigurations = (
				3BE3F7D5297060DC0005B640 /* Debug */,
				3BE3F7D6297060DC0005B640 /* Release */,
			);
			defaultConfigurationIsVisible = 0;
			defaultConfigurationName = Release;
		};
		3BE3F7E4297064340005B640 /* Build configuration list for PBXNativeTarget "iosUITests" */ = {
			isa = XCConfigurationList;
			buildConfigurations = (
				3BE3F7E5297064340005B640 /* Debug */,
				3BE3F7E6297064340005B640 /* Release */,
			);
			defaultConfigurationIsVisible = 0;
			defaultConfigurationName = Release;
		};
/* End XCConfigurationList section */

/* Begin XCRemoteSwiftPackageReference section */
		3B15C594296FB673004AE007 /* XCRemoteSwiftPackageReference "Alamofire" */ = {
			isa = XCRemoteSwiftPackageReference;
			repositoryURL = "https://github.com/Alamofire/Alamofire.git";
			requirement = {
				kind = upToNextMajorVersion;
				minimumVersion = 5.0.0;
			};
		};
		3BA0EEE42979A16700B9E952 /* XCRemoteSwiftPackageReference "Charts" */ = {
			isa = XCRemoteSwiftPackageReference;
			repositoryURL = "https://github.com/danielgindi/Charts.git";
			requirement = {
				kind = upToNextMajorVersion;
				minimumVersion = 4.1.0;
			};
		};
		3BF2B31429892D7200F20841 /* XCRemoteSwiftPackageReference "RxDataSources" */ = {
			isa = XCRemoteSwiftPackageReference;
			repositoryURL = "https://github.com/RxSwiftCommunity/RxDataSources.git";
			requirement = {
				kind = upToNextMajorVersion;
				minimumVersion = 5.0.0;
			};
		};
		A30BA471298946F6008B594E /* XCRemoteSwiftPackageReference "SwiftyJSON" */ = {
			isa = XCRemoteSwiftPackageReference;
			repositoryURL = "https://github.com/SwiftyJSON/SwiftyJSON.git";
			requirement = {
				kind = upToNextMajorVersion;
				minimumVersion = 5.0.0;
			};
		};
		A3AEEB5E2975286C00004722 /* XCRemoteSwiftPackageReference "RxSwift" */ = {
			isa = XCRemoteSwiftPackageReference;
			repositoryURL = "https://github.com/ReactiveX/RxSwift.git";
			requirement = {
				kind = upToNextMajorVersion;
				minimumVersion = 6.0.0;
			};
		};
		A3AEEB632975311400004722 /* XCRemoteSwiftPackageReference "SnapKit" */ = {
			isa = XCRemoteSwiftPackageReference;
			repositoryURL = "https://github.com/SnapKit/SnapKit.git";
			requirement = {
				kind = upToNextMajorVersion;
				minimumVersion = 5.0.0;
			};
		};
/* End XCRemoteSwiftPackageReference section */

/* Begin XCSwiftPackageProductDependency section */
		3B15C595296FB673004AE007 /* Alamofire */ = {
			isa = XCSwiftPackageProductDependency;
			package = 3B15C594296FB673004AE007 /* XCRemoteSwiftPackageReference "Alamofire" */;
			productName = Alamofire;
		};
		3B7B1D2D298404AE0038BD67 /* RxCocoa */ = {
			isa = XCSwiftPackageProductDependency;
			package = A3AEEB5E2975286C00004722 /* XCRemoteSwiftPackageReference "RxSwift" */;
			productName = RxCocoa;
		};
		3B7B1D2F298404B20038BD67 /* RxSwift */ = {
			isa = XCSwiftPackageProductDependency;
			package = A3AEEB5E2975286C00004722 /* XCRemoteSwiftPackageReference "RxSwift" */;
			productName = RxSwift;
		};
		3B7B1D31298404B60038BD67 /* Alamofire */ = {
			isa = XCSwiftPackageProductDependency;
			package = 3B15C594296FB673004AE007 /* XCRemoteSwiftPackageReference "Alamofire" */;
			productName = Alamofire;
		};
		3B7B1D33298404B90038BD67 /* SnapKit */ = {
			isa = XCSwiftPackageProductDependency;
			package = A3AEEB632975311400004722 /* XCRemoteSwiftPackageReference "SnapKit" */;
			productName = SnapKit;
		};
		3B7B1D35298404BD0038BD67 /* Charts */ = {
			isa = XCSwiftPackageProductDependency;
			package = 3BA0EEE42979A16700B9E952 /* XCRemoteSwiftPackageReference "Charts" */;
			productName = Charts;
		};
		3B7B1D37298404C70038BD67 /* RxTest */ = {
			isa = XCSwiftPackageProductDependency;
			package = A3AEEB5E2975286C00004722 /* XCRemoteSwiftPackageReference "RxSwift" */;
			productName = RxTest;
		};
		3BA0EEE52979A16700B9E952 /* Charts */ = {
			isa = XCSwiftPackageProductDependency;
			package = 3BA0EEE42979A16700B9E952 /* XCRemoteSwiftPackageReference "Charts" */;
			productName = Charts;
		};
		3BF2B31529892D7200F20841 /* RxDataSources */ = {
			isa = XCSwiftPackageProductDependency;
			package = 3BF2B31429892D7200F20841 /* XCRemoteSwiftPackageReference "RxDataSources" */;
			productName = RxDataSources;
		};
		3BF2B31729892D8200F20841 /* RxDataSources */ = {
			isa = XCSwiftPackageProductDependency;
			package = 3BF2B31429892D7200F20841 /* XCRemoteSwiftPackageReference "RxDataSources" */;
			productName = RxDataSources;
		};
		A30BA472298946F6008B594E /* SwiftyJSON */ = {
			isa = XCSwiftPackageProductDependency;
			package = A30BA471298946F6008B594E /* XCRemoteSwiftPackageReference "SwiftyJSON" */;
			productName = SwiftyJSON;
		};
		A3AEEB5F2975286C00004722 /* RxCocoa */ = {
			isa = XCSwiftPackageProductDependency;
			package = A3AEEB5E2975286C00004722 /* XCRemoteSwiftPackageReference "RxSwift" */;
			productName = RxCocoa;
		};
		A3AEEB612975286C00004722 /* RxSwift */ = {
			isa = XCSwiftPackageProductDependency;
			package = A3AEEB5E2975286C00004722 /* XCRemoteSwiftPackageReference "RxSwift" */;
			productName = RxSwift;
		};
		A3AEEB642975311400004722 /* SnapKit */ = {
			isa = XCSwiftPackageProductDependency;
			package = A3AEEB632975311400004722 /* XCRemoteSwiftPackageReference "SnapKit" */;
			productName = SnapKit;
		};
/* End XCSwiftPackageProductDependency section */
	};
	rootObject = 3B1DB86C2963428A00308F43 /* Project object */;
}
